
Microsoft Visual Studio Solution File, Format Version 12.00
# Visual Studio 15
VisualStudioVersion = 15.0.26730.12
MinimumVisualStudioVersion = 10.0.40219.1
Project("{8BC9CEB8-8B4A-11D0-8D11-00A0C91BC942}") = "DC_ADV00MODELS", "..\DC_ADV00MODELS\DC_ADV00MODELS\DC_ADV00MODELS.vcxproj", "{AB522621-A943-4F4C-A23B-3461F31A9C1E}"
EndProject
Project("{8BC9CEB8-8B4A-11D0-8D11-00A0C91BC942}") = "DC_ADV02MODELS", "..\DC_ADV02MODELS\DC_ADV02MODELS\DC_ADV02MODELS.vcxproj", "{57AB5106-1482-42D5-95DF-4345B1B9F5E9}"
EndProject
Project("{8BC9CEB8-8B4A-11D0-8D11-00A0C91BC942}") = "DC_ADV03MODELS", "..\DC_ADV03MODELS\DC_ADV03MODELS\DC_ADV03MODELS.vcxproj", "{B596F656-C877-4C7F-8CC5-AAF5DF33A1DF}"
EndProject
Project("{8BC9CEB8-8B4A-11D0-8D11-00A0C91BC942}") = "DC_Bosses", "..\DC_Bosses\DC_Bosses\DC_Bosses.vcxproj", "{7146773C-4AD2-4FAD-91B6-7CF34897F260}"
EndProject
Project("{8BC9CEB8-8B4A-11D0-8D11-00A0C91BC942}") = "DC_Branding", "..\DC_Branding\DC_Branding\DC_Branding.vcxproj", "{056BBA58-3834-489B-A106-572236CB561B}"
EndProject
Project("{8BC9CEB8-8B4A-11D0-8D11-00A0C91BC942}") = "DC_Casinopolis", "..\DC_Casinopolis\DC_Casinopolis\DC_Casinopolis.vcxproj", "{A863386A-A7F3-4A03-A465-A6B614E9D863}"
EndProject
Project("{8BC9CEB8-8B4A-11D0-8D11-00A0C91BC942}") = "DC_ChaoGardens", "..\DC_ChaoGardens\DC_ChaoGardens\DC_ChaoGardens.vcxproj", "{F6963EDE-A910-46BA-8668-4B549A1A237C}"
EndProject
Project("{8BC9CEB8-8B4A-11D0-8D11-00A0C91BC942}") = "DC_EggCarrier", "..\DC_EggCarrier\DC_ADV01MODELS\DC_ADV01MODELS.vcxproj", "{CB80BF28-E42E-4E35-8D5C-BF44D21289FD}"
EndProject
Project("{8BC9CEB8-8B4A-11D0-8D11-00A0C91BC942}") = "DC_EmeraldCoast", "..\DC_EmeraldCoast\DC_EmeraldCoast\DC_EmeraldCoast.vcxproj", "{D9530E07-CE9D-435F-9128-BE6107E945CA}"
EndProject
Project("{8BC9CEB8-8B4A-11D0-8D11-00A0C91BC942}") = "DC_FinalEgg", "..\DC_FinalEgg\DC_FinalEgg\DC_FinalEgg.vcxproj", "{83AD79BB-60BE-44AC-8668-22F1A38483D5}"
EndProject
Project("{8BC9CEB8-8B4A-11D0-8D11-00A0C91BC942}") = "DC_HotShelter", "..\DC_HotShelter\DC_HotShelter\DC_HotShelter.vcxproj", "{51F5A2A6-6315-49FF-8E7D-0FA6C6B4E690}"
EndProject
Project("{8BC9CEB8-8B4A-11D0-8D11-00A0C91BC942}") = "DC_IceCap", "..\DC_IceCap\DC_IceCap\DC_IceCap.vcxproj", "{49184AB3-9600-4C77-B8BB-5148D52ECFB9}"
EndProject
Project("{8BC9CEB8-8B4A-11D0-8D11-00A0C91BC942}") = "DC_LostWorld", "..\DC_LostWorld\DC_LostWorld\DC_LostWorld.vcxproj", "{22A128B1-664D-4700-8300-C142D9BC2C07}"
EndProject
Project("{8BC9CEB8-8B4A-11D0-8D11-00A0C91BC942}") = "DC_RedMountain", "..\DC_RedMountain\DC_RedMountain\DC_RedMountain.vcxproj", "{90094211-84D1-468D-8961-7B63B0332C9A}"
EndProject
Project("{8BC9CEB8-8B4A-11D0-8D11-00A0C91BC942}") = "DC_SkyDeck", "..\DC_SkyDeck\DC_SkyDeck\DC_SkyDeck.vcxproj", "{B6205C15-C756-4BF6-A6CE-F75D39D4BD52}"
EndProject
Project("{8BC9CEB8-8B4A-11D0-8D11-00A0C91BC942}") = "DC_SpeedHighway", "..\DC_SpeedHighway\DC_SpeedHighway\DC_SpeedHighway.vcxproj", "{5493094F-6F56-457E-8FBA-4AD4636C118E}"
EndProject
Project("{8BC9CEB8-8B4A-11D0-8D11-00A0C91BC942}") = "DC_SubGames", "..\DC_SubGames\DC_SubGames\DC_SubGames.vcxproj", "{1C691BB4-5A8A-40F9-82F9-849C02D3DA03}"
EndProject
Project("{8BC9CEB8-8B4A-11D0-8D11-00A0C91BC942}") = "DC_TwinklePark", "..\DC_TwinklePark\DC_TwinklePark\DC_TwinklePark.vcxproj", "{111BC4F1-3552-450B-BE8D-59AB782BF335}"
EndProject
Project("{8BC9CEB8-8B4A-11D0-8D11-00A0C91BC942}") = "DC_WindyValley", "..\DC_WindyValley\DC_WindyValley\DC_WindyValley.vcxproj", "{2A737F45-C653-4E44-84EB-D00D307DC288}"
EndProject
Project("{8BC9CEB8-8B4A-11D0-8D11-00A0C91BC942}") = "SADXStyleWater", "..\SADXStyleWater\SADXStyleWater\SADXStyleWater.vcxproj", "{3206A000-F01D-4097-80B1-7ACE2667F7D3}"
EndProject
Project("{8BC9CEB8-8B4A-11D0-8D11-00A0C91BC942}") = "SoundOverhaul", "..\SoundOverhaul\SoundOverhaul\SoundOverhaul.vcxproj", "{EB53BD35-68E0-4141-BA15-C3C58226B46E}"
EndProject
Project("{8BC9CEB8-8B4A-11D0-8D11-00A0C91BC942}") = "TrainDaytime", "..\TrainDaytime\TrainDaytime\TrainDaytime.vcxproj", "{392AE35A-F746-421C-9566-E3ABBA9EECA0}"
EndProject
Project("{8BC9CEB8-8B4A-11D0-8D11-00A0C91BC942}") = "DC_General", "..\DC_General\DC_General.vcxproj", "{E39C7A2E-D939-4F4D-8C54-E54B452C931C}"
EndProject
Project("{8BC9CEB8-8B4A-11D0-8D11-00A0C91BC942}") = "WaterEffect", "..\WaterEffect\WaterEffect.vcxproj", "{A9ABF1CE-1C33-4AE0-9812-69DFB47481E5}"
EndProject
Project("{8BC9CEB8-8B4A-11D0-8D11-00A0C91BC942}") = "HD_GUI", "..\HD_GUI\HD_GUI.vcxproj", "{166D0676-BFF0-4F96-99A6-192FFC5F38CF}"
EndProject
Project("{8BC9CEB8-8B4A-11D0-8D11-00A0C91BC942}") = "ModLoaderCommon", "..\mod-loader-common\ModLoaderCommon\ModLoaderCommon.vcxproj", "{EC0293F5-4BCF-46B2-8133-18CAEA141C5B}"
EndProject
Project("{8BC9CEB8-8B4A-11D0-8D11-00A0C91BC942}") = "DLC_SambaGP", "..\DLC_SambaGP\DLC_SambaGP.vcxproj", "{9470DBEE-6F72-4EB4-94D4-77DA51B90503}"
EndProject
Project("{8BC9CEB8-8B4A-11D0-8D11-00A0C91BC942}") = "DLC_Y2K", "..\DLC_Y2K\DLC_Y2K.vcxproj", "{259CB435-38B2-4F78-A400-3BA5B420B055}"
EndProject
Project("{8BC9CEB8-8B4A-11D0-8D11-00A0C91BC942}") = "DLC_LaunchParty", "..\DLC_LaunchParty\DLC_LaunchParty.vcxproj", "{0D05F7F6-AD18-45C9-AE7C-56C84D2E6121}"
EndProject
Project("{8BC9CEB8-8B4A-11D0-8D11-00A0C91BC942}") = "DLC_Famitsu", "..\DLC_Famitsu\DLC_Famitsu.vcxproj", "{252DEB73-9C3F-4EC4-BD30-65F750C24629}"
EndProject
Project("{8BC9CEB8-8B4A-11D0-8D11-00A0C91BC942}") = "DLC_QUO", "..\DLC_QUO\DLC_QUO.vcxproj", "{079E7F35-7D9E-44CF-A32A-718E9633D0CF}"
EndProject
Project("{8BC9CEB8-8B4A-11D0-8D11-00A0C91BC942}") = "DLC_Reebok", "..\DLC_Reebok\DLC_Reebok.vcxproj", "{F66A67E3-C452-4B47-8344-EECD12D9DB22}"
EndProject
Project("{8BC9CEB8-8B4A-11D0-8D11-00A0C91BC942}") = "DLC_ATT1", "..\DLC_ATT1\DLC_ATT1.vcxproj", "{9D83905B-E41C-4C3E-A298-DBB3A4915081}"
EndProject
Project("{8BC9CEB8-8B4A-11D0-8D11-00A0C91BC942}") = "DLC_ATT2", "..\DLC_ATT2\DLC_ATT2.vcxproj", "{5F423901-8EB7-432C-BD59-D5CE19A28E87}"
EndProject
Project("{8BC9CEB8-8B4A-11D0-8D11-00A0C91BC942}") = "DLC_ATT3", "..\DLC_ATT3\DLC_ATT3.vcxproj", "{E4768536-84BF-4EC3-BC1F-14DB7880F256}"
EndProject
Project("{8BC9CEB8-8B4A-11D0-8D11-00A0C91BC942}") = "DLC_Halloween", "..\DLC_Halloween\DLC_Halloween.vcxproj", "{38F82008-E6AE-4861-87AD-26B8C8CAB8AB}"
EndProject
Global
	GlobalSection(SolutionConfigurationPlatforms) = preSolution
		Debug|Win32 = Debug|Win32
		Debug|x64 = Debug|x64
		Debug|x86 = Debug|x86
		Release|Win32 = Release|Win32
		Release|x64 = Release|x64
		Release|x86 = Release|x86
	EndGlobalSection
	GlobalSection(ProjectConfigurationPlatforms) = postSolution
		{AB522621-A943-4F4C-A23B-3461F31A9C1E}.Debug|Win32.ActiveCfg = Debug|Win32
		{AB522621-A943-4F4C-A23B-3461F31A9C1E}.Debug|Win32.Build.0 = Debug|Win32
		{AB522621-A943-4F4C-A23B-3461F31A9C1E}.Debug|x64.ActiveCfg = Debug|Win32
		{AB522621-A943-4F4C-A23B-3461F31A9C1E}.Debug|x86.ActiveCfg = Debug|Win32
		{AB522621-A943-4F4C-A23B-3461F31A9C1E}.Debug|x86.Build.0 = Debug|Win32
		{AB522621-A943-4F4C-A23B-3461F31A9C1E}.Release|Win32.ActiveCfg = Release|Win32
		{AB522621-A943-4F4C-A23B-3461F31A9C1E}.Release|Win32.Build.0 = Release|Win32
		{AB522621-A943-4F4C-A23B-3461F31A9C1E}.Release|x64.ActiveCfg = Release|Win32
		{AB522621-A943-4F4C-A23B-3461F31A9C1E}.Release|x86.ActiveCfg = Release|Win32
		{AB522621-A943-4F4C-A23B-3461F31A9C1E}.Release|x86.Build.0 = Release|Win32
		{57AB5106-1482-42D5-95DF-4345B1B9F5E9}.Debug|Win32.ActiveCfg = Debug|Win32
		{57AB5106-1482-42D5-95DF-4345B1B9F5E9}.Debug|Win32.Build.0 = Debug|Win32
		{57AB5106-1482-42D5-95DF-4345B1B9F5E9}.Debug|Win32.Deploy.0 = Debug|Win32
		{57AB5106-1482-42D5-95DF-4345B1B9F5E9}.Debug|x64.ActiveCfg = Debug|Win32
		{57AB5106-1482-42D5-95DF-4345B1B9F5E9}.Debug|x86.ActiveCfg = Debug|Win32
		{57AB5106-1482-42D5-95DF-4345B1B9F5E9}.Debug|x86.Build.0 = Debug|Win32
		{57AB5106-1482-42D5-95DF-4345B1B9F5E9}.Release|Win32.ActiveCfg = Release|Win32
		{57AB5106-1482-42D5-95DF-4345B1B9F5E9}.Release|Win32.Build.0 = Release|Win32
		{57AB5106-1482-42D5-95DF-4345B1B9F5E9}.Release|Win32.Deploy.0 = Release|Win32
		{57AB5106-1482-42D5-95DF-4345B1B9F5E9}.Release|x64.ActiveCfg = Release|Win32
		{57AB5106-1482-42D5-95DF-4345B1B9F5E9}.Release|x86.ActiveCfg = Release|Win32
		{57AB5106-1482-42D5-95DF-4345B1B9F5E9}.Release|x86.Build.0 = Release|Win32
		{B596F656-C877-4C7F-8CC5-AAF5DF33A1DF}.Debug|Win32.ActiveCfg = Debug|Win32
		{B596F656-C877-4C7F-8CC5-AAF5DF33A1DF}.Debug|Win32.Build.0 = Debug|Win32
		{B596F656-C877-4C7F-8CC5-AAF5DF33A1DF}.Debug|Win32.Deploy.0 = Debug|Win32
		{B596F656-C877-4C7F-8CC5-AAF5DF33A1DF}.Debug|x64.ActiveCfg = Debug|Win32
		{B596F656-C877-4C7F-8CC5-AAF5DF33A1DF}.Debug|x86.ActiveCfg = Debug|Win32
		{B596F656-C877-4C7F-8CC5-AAF5DF33A1DF}.Debug|x86.Build.0 = Debug|Win32
		{B596F656-C877-4C7F-8CC5-AAF5DF33A1DF}.Release|Win32.ActiveCfg = Release|Win32
		{B596F656-C877-4C7F-8CC5-AAF5DF33A1DF}.Release|Win32.Build.0 = Release|Win32
		{B596F656-C877-4C7F-8CC5-AAF5DF33A1DF}.Release|Win32.Deploy.0 = Release|Win32
		{B596F656-C877-4C7F-8CC5-AAF5DF33A1DF}.Release|x64.ActiveCfg = Release|Win32
		{B596F656-C877-4C7F-8CC5-AAF5DF33A1DF}.Release|x86.ActiveCfg = Release|Win32
		{B596F656-C877-4C7F-8CC5-AAF5DF33A1DF}.Release|x86.Build.0 = Release|Win32
		{7146773C-4AD2-4FAD-91B6-7CF34897F260}.Debug|Win32.ActiveCfg = Debug|Win32
		{7146773C-4AD2-4FAD-91B6-7CF34897F260}.Debug|Win32.Build.0 = Debug|Win32
		{7146773C-4AD2-4FAD-91B6-7CF34897F260}.Debug|Win32.Deploy.0 = Debug|Win32
		{7146773C-4AD2-4FAD-91B6-7CF34897F260}.Debug|x64.ActiveCfg = Debug|Win32
		{7146773C-4AD2-4FAD-91B6-7CF34897F260}.Debug|x86.ActiveCfg = Debug|Win32
		{7146773C-4AD2-4FAD-91B6-7CF34897F260}.Debug|x86.Build.0 = Debug|Win32
		{7146773C-4AD2-4FAD-91B6-7CF34897F260}.Release|Win32.ActiveCfg = Release|Win32
		{7146773C-4AD2-4FAD-91B6-7CF34897F260}.Release|Win32.Build.0 = Release|Win32
		{7146773C-4AD2-4FAD-91B6-7CF34897F260}.Release|Win32.Deploy.0 = Release|Win32
		{7146773C-4AD2-4FAD-91B6-7CF34897F260}.Release|x64.ActiveCfg = Release|Win32
		{7146773C-4AD2-4FAD-91B6-7CF34897F260}.Release|x86.ActiveCfg = Release|Win32
		{7146773C-4AD2-4FAD-91B6-7CF34897F260}.Release|x86.Build.0 = Release|Win32
		{056BBA58-3834-489B-A106-572236CB561B}.Debug|Win32.ActiveCfg = Debug|Win32
		{056BBA58-3834-489B-A106-572236CB561B}.Debug|Win32.Build.0 = Debug|Win32
		{056BBA58-3834-489B-A106-572236CB561B}.Debug|x64.ActiveCfg = Debug|Win32
		{056BBA58-3834-489B-A106-572236CB561B}.Debug|x86.ActiveCfg = Debug|Win32
		{056BBA58-3834-489B-A106-572236CB561B}.Debug|x86.Build.0 = Debug|Win32
		{056BBA58-3834-489B-A106-572236CB561B}.Release|Win32.ActiveCfg = Release|Win32
		{056BBA58-3834-489B-A106-572236CB561B}.Release|Win32.Build.0 = Release|Win32
		{056BBA58-3834-489B-A106-572236CB561B}.Release|x64.ActiveCfg = Release|Win32
		{056BBA58-3834-489B-A106-572236CB561B}.Release|x86.ActiveCfg = Release|Win32
		{056BBA58-3834-489B-A106-572236CB561B}.Release|x86.Build.0 = Release|Win32
		{A863386A-A7F3-4A03-A465-A6B614E9D863}.Debug|Win32.ActiveCfg = Debug|Win32
		{A863386A-A7F3-4A03-A465-A6B614E9D863}.Debug|Win32.Build.0 = Debug|Win32
		{A863386A-A7F3-4A03-A465-A6B614E9D863}.Debug|Win32.Deploy.0 = Debug|Win32
		{A863386A-A7F3-4A03-A465-A6B614E9D863}.Debug|x64.ActiveCfg = Debug|Win32
		{A863386A-A7F3-4A03-A465-A6B614E9D863}.Debug|x86.ActiveCfg = Debug|Win32
		{A863386A-A7F3-4A03-A465-A6B614E9D863}.Debug|x86.Build.0 = Debug|Win32
		{A863386A-A7F3-4A03-A465-A6B614E9D863}.Release|Win32.ActiveCfg = Release|Win32
		{A863386A-A7F3-4A03-A465-A6B614E9D863}.Release|Win32.Build.0 = Release|Win32
		{A863386A-A7F3-4A03-A465-A6B614E9D863}.Release|Win32.Deploy.0 = Release|Win32
		{A863386A-A7F3-4A03-A465-A6B614E9D863}.Release|x64.ActiveCfg = Release|Win32
		{A863386A-A7F3-4A03-A465-A6B614E9D863}.Release|x86.ActiveCfg = Release|Win32
		{A863386A-A7F3-4A03-A465-A6B614E9D863}.Release|x86.Build.0 = Release|Win32
		{F6963EDE-A910-46BA-8668-4B549A1A237C}.Debug|Win32.ActiveCfg = Debug|Win32
		{F6963EDE-A910-46BA-8668-4B549A1A237C}.Debug|Win32.Build.0 = Debug|Win32
		{F6963EDE-A910-46BA-8668-4B549A1A237C}.Debug|Win32.Deploy.0 = Debug|Win32
		{F6963EDE-A910-46BA-8668-4B549A1A237C}.Debug|x64.ActiveCfg = Debug|Win32
		{F6963EDE-A910-46BA-8668-4B549A1A237C}.Debug|x86.ActiveCfg = Debug|Win32
		{F6963EDE-A910-46BA-8668-4B549A1A237C}.Debug|x86.Build.0 = Debug|Win32
		{F6963EDE-A910-46BA-8668-4B549A1A237C}.Release|Win32.ActiveCfg = Release|Win32
		{F6963EDE-A910-46BA-8668-4B549A1A237C}.Release|Win32.Build.0 = Release|Win32
		{F6963EDE-A910-46BA-8668-4B549A1A237C}.Release|Win32.Deploy.0 = Release|Win32
		{F6963EDE-A910-46BA-8668-4B549A1A237C}.Release|x64.ActiveCfg = Release|Win32
		{F6963EDE-A910-46BA-8668-4B549A1A237C}.Release|x86.ActiveCfg = Release|Win32
		{F6963EDE-A910-46BA-8668-4B549A1A237C}.Release|x86.Build.0 = Release|Win32
		{CB80BF28-E42E-4E35-8D5C-BF44D21289FD}.Debug|Win32.ActiveCfg = Debug|Win32
		{CB80BF28-E42E-4E35-8D5C-BF44D21289FD}.Debug|Win32.Build.0 = Debug|Win32
		{CB80BF28-E42E-4E35-8D5C-BF44D21289FD}.Debug|Win32.Deploy.0 = Debug|Win32
		{CB80BF28-E42E-4E35-8D5C-BF44D21289FD}.Debug|x64.ActiveCfg = Debug|Win32
		{CB80BF28-E42E-4E35-8D5C-BF44D21289FD}.Debug|x86.ActiveCfg = Debug|Win32
		{CB80BF28-E42E-4E35-8D5C-BF44D21289FD}.Debug|x86.Build.0 = Debug|Win32
		{CB80BF28-E42E-4E35-8D5C-BF44D21289FD}.Release|Win32.ActiveCfg = Release|Win32
		{CB80BF28-E42E-4E35-8D5C-BF44D21289FD}.Release|Win32.Build.0 = Release|Win32
		{CB80BF28-E42E-4E35-8D5C-BF44D21289FD}.Release|Win32.Deploy.0 = Release|Win32
		{CB80BF28-E42E-4E35-8D5C-BF44D21289FD}.Release|x64.ActiveCfg = Release|Win32
		{CB80BF28-E42E-4E35-8D5C-BF44D21289FD}.Release|x86.ActiveCfg = Release|Win32
		{CB80BF28-E42E-4E35-8D5C-BF44D21289FD}.Release|x86.Build.0 = Release|Win32
		{D9530E07-CE9D-435F-9128-BE6107E945CA}.Debug|Win32.ActiveCfg = Debug|Win32
		{D9530E07-CE9D-435F-9128-BE6107E945CA}.Debug|Win32.Build.0 = Debug|Win32
		{D9530E07-CE9D-435F-9128-BE6107E945CA}.Debug|Win32.Deploy.0 = Debug|Win32
		{D9530E07-CE9D-435F-9128-BE6107E945CA}.Debug|x64.ActiveCfg = Debug|Win32
		{D9530E07-CE9D-435F-9128-BE6107E945CA}.Debug|x86.ActiveCfg = Debug|Win32
		{D9530E07-CE9D-435F-9128-BE6107E945CA}.Debug|x86.Build.0 = Debug|Win32
		{D9530E07-CE9D-435F-9128-BE6107E945CA}.Release|Win32.ActiveCfg = Release|Win32
		{D9530E07-CE9D-435F-9128-BE6107E945CA}.Release|Win32.Build.0 = Release|Win32
		{D9530E07-CE9D-435F-9128-BE6107E945CA}.Release|Win32.Deploy.0 = Release|Win32
		{D9530E07-CE9D-435F-9128-BE6107E945CA}.Release|x64.ActiveCfg = Release|Win32
		{D9530E07-CE9D-435F-9128-BE6107E945CA}.Release|x86.ActiveCfg = Release|Win32
		{D9530E07-CE9D-435F-9128-BE6107E945CA}.Release|x86.Build.0 = Release|Win32
		{83AD79BB-60BE-44AC-8668-22F1A38483D5}.Debug|Win32.ActiveCfg = Debug|Win32
		{83AD79BB-60BE-44AC-8668-22F1A38483D5}.Debug|Win32.Build.0 = Debug|Win32
		{83AD79BB-60BE-44AC-8668-22F1A38483D5}.Debug|Win32.Deploy.0 = Debug|Win32
		{83AD79BB-60BE-44AC-8668-22F1A38483D5}.Debug|x64.ActiveCfg = Debug|Win32
		{83AD79BB-60BE-44AC-8668-22F1A38483D5}.Debug|x86.ActiveCfg = Debug|Win32
		{83AD79BB-60BE-44AC-8668-22F1A38483D5}.Debug|x86.Build.0 = Debug|Win32
		{83AD79BB-60BE-44AC-8668-22F1A38483D5}.Release|Win32.ActiveCfg = Release|Win32
		{83AD79BB-60BE-44AC-8668-22F1A38483D5}.Release|Win32.Build.0 = Release|Win32
		{83AD79BB-60BE-44AC-8668-22F1A38483D5}.Release|Win32.Deploy.0 = Release|Win32
		{83AD79BB-60BE-44AC-8668-22F1A38483D5}.Release|x64.ActiveCfg = Release|Win32
		{83AD79BB-60BE-44AC-8668-22F1A38483D5}.Release|x86.ActiveCfg = Release|Win32
		{83AD79BB-60BE-44AC-8668-22F1A38483D5}.Release|x86.Build.0 = Release|Win32
		{51F5A2A6-6315-49FF-8E7D-0FA6C6B4E690}.Debug|Win32.ActiveCfg = Debug|Win32
		{51F5A2A6-6315-49FF-8E7D-0FA6C6B4E690}.Debug|Win32.Build.0 = Debug|Win32
		{51F5A2A6-6315-49FF-8E7D-0FA6C6B4E690}.Debug|Win32.Deploy.0 = Debug|Win32
		{51F5A2A6-6315-49FF-8E7D-0FA6C6B4E690}.Debug|x64.ActiveCfg = Debug|Win32
		{51F5A2A6-6315-49FF-8E7D-0FA6C6B4E690}.Debug|x86.ActiveCfg = Debug|Win32
		{51F5A2A6-6315-49FF-8E7D-0FA6C6B4E690}.Debug|x86.Build.0 = Debug|Win32
		{51F5A2A6-6315-49FF-8E7D-0FA6C6B4E690}.Release|Win32.ActiveCfg = Release|Win32
		{51F5A2A6-6315-49FF-8E7D-0FA6C6B4E690}.Release|Win32.Build.0 = Release|Win32
		{51F5A2A6-6315-49FF-8E7D-0FA6C6B4E690}.Release|Win32.Deploy.0 = Release|Win32
		{51F5A2A6-6315-49FF-8E7D-0FA6C6B4E690}.Release|x64.ActiveCfg = Release|Win32
		{51F5A2A6-6315-49FF-8E7D-0FA6C6B4E690}.Release|x86.ActiveCfg = Release|Win32
		{51F5A2A6-6315-49FF-8E7D-0FA6C6B4E690}.Release|x86.Build.0 = Release|Win32
		{49184AB3-9600-4C77-B8BB-5148D52ECFB9}.Debug|Win32.ActiveCfg = Debug|Win32
		{49184AB3-9600-4C77-B8BB-5148D52ECFB9}.Debug|Win32.Build.0 = Debug|Win32
		{49184AB3-9600-4C77-B8BB-5148D52ECFB9}.Debug|Win32.Deploy.0 = Debug|Win32
		{49184AB3-9600-4C77-B8BB-5148D52ECFB9}.Debug|x64.ActiveCfg = Debug|Win32
		{49184AB3-9600-4C77-B8BB-5148D52ECFB9}.Debug|x86.ActiveCfg = Debug|Win32
		{49184AB3-9600-4C77-B8BB-5148D52ECFB9}.Debug|x86.Build.0 = Debug|Win32
		{49184AB3-9600-4C77-B8BB-5148D52ECFB9}.Release|Win32.ActiveCfg = Release|Win32
		{49184AB3-9600-4C77-B8BB-5148D52ECFB9}.Release|Win32.Build.0 = Release|Win32
		{49184AB3-9600-4C77-B8BB-5148D52ECFB9}.Release|Win32.Deploy.0 = Release|Win32
		{49184AB3-9600-4C77-B8BB-5148D52ECFB9}.Release|x64.ActiveCfg = Release|Win32
		{49184AB3-9600-4C77-B8BB-5148D52ECFB9}.Release|x86.ActiveCfg = Release|Win32
		{49184AB3-9600-4C77-B8BB-5148D52ECFB9}.Release|x86.Build.0 = Release|Win32
		{22A128B1-664D-4700-8300-C142D9BC2C07}.Debug|Win32.ActiveCfg = Debug|Win32
		{22A128B1-664D-4700-8300-C142D9BC2C07}.Debug|Win32.Build.0 = Debug|Win32
		{22A128B1-664D-4700-8300-C142D9BC2C07}.Debug|Win32.Deploy.0 = Debug|Win32
		{22A128B1-664D-4700-8300-C142D9BC2C07}.Debug|x64.ActiveCfg = Debug|Win32
		{22A128B1-664D-4700-8300-C142D9BC2C07}.Debug|x86.ActiveCfg = Debug|Win32
		{22A128B1-664D-4700-8300-C142D9BC2C07}.Debug|x86.Build.0 = Debug|Win32
		{22A128B1-664D-4700-8300-C142D9BC2C07}.Release|Win32.ActiveCfg = Release|Win32
		{22A128B1-664D-4700-8300-C142D9BC2C07}.Release|Win32.Build.0 = Release|Win32
		{22A128B1-664D-4700-8300-C142D9BC2C07}.Release|Win32.Deploy.0 = Release|Win32
		{22A128B1-664D-4700-8300-C142D9BC2C07}.Release|x64.ActiveCfg = Release|Win32
		{22A128B1-664D-4700-8300-C142D9BC2C07}.Release|x86.ActiveCfg = Release|Win32
		{22A128B1-664D-4700-8300-C142D9BC2C07}.Release|x86.Build.0 = Release|Win32
		{90094211-84D1-468D-8961-7B63B0332C9A}.Debug|Win32.ActiveCfg = Debug|Win32
		{90094211-84D1-468D-8961-7B63B0332C9A}.Debug|Win32.Build.0 = Debug|Win32
		{90094211-84D1-468D-8961-7B63B0332C9A}.Debug|Win32.Deploy.0 = Debug|Win32
		{90094211-84D1-468D-8961-7B63B0332C9A}.Debug|x64.ActiveCfg = Debug|Win32
		{90094211-84D1-468D-8961-7B63B0332C9A}.Debug|x86.ActiveCfg = Debug|Win32
		{90094211-84D1-468D-8961-7B63B0332C9A}.Debug|x86.Build.0 = Debug|Win32
		{90094211-84D1-468D-8961-7B63B0332C9A}.Release|Win32.ActiveCfg = Release|Win32
		{90094211-84D1-468D-8961-7B63B0332C9A}.Release|Win32.Build.0 = Release|Win32
		{90094211-84D1-468D-8961-7B63B0332C9A}.Release|Win32.Deploy.0 = Release|Win32
		{90094211-84D1-468D-8961-7B63B0332C9A}.Release|x64.ActiveCfg = Release|Win32
		{90094211-84D1-468D-8961-7B63B0332C9A}.Release|x86.ActiveCfg = Release|Win32
		{90094211-84D1-468D-8961-7B63B0332C9A}.Release|x86.Build.0 = Release|Win32
		{B6205C15-C756-4BF6-A6CE-F75D39D4BD52}.Debug|Win32.ActiveCfg = Debug|Win32
		{B6205C15-C756-4BF6-A6CE-F75D39D4BD52}.Debug|Win32.Build.0 = Debug|Win32
		{B6205C15-C756-4BF6-A6CE-F75D39D4BD52}.Debug|Win32.Deploy.0 = Debug|Win32
		{B6205C15-C756-4BF6-A6CE-F75D39D4BD52}.Debug|x64.ActiveCfg = Debug|Win32
		{B6205C15-C756-4BF6-A6CE-F75D39D4BD52}.Debug|x86.ActiveCfg = Debug|Win32
		{B6205C15-C756-4BF6-A6CE-F75D39D4BD52}.Debug|x86.Build.0 = Debug|Win32
		{B6205C15-C756-4BF6-A6CE-F75D39D4BD52}.Release|Win32.ActiveCfg = Release|Win32
		{B6205C15-C756-4BF6-A6CE-F75D39D4BD52}.Release|Win32.Build.0 = Release|Win32
		{B6205C15-C756-4BF6-A6CE-F75D39D4BD52}.Release|Win32.Deploy.0 = Release|Win32
		{B6205C15-C756-4BF6-A6CE-F75D39D4BD52}.Release|x64.ActiveCfg = Release|Win32
		{B6205C15-C756-4BF6-A6CE-F75D39D4BD52}.Release|x86.ActiveCfg = Release|Win32
		{B6205C15-C756-4BF6-A6CE-F75D39D4BD52}.Release|x86.Build.0 = Release|Win32
		{5493094F-6F56-457E-8FBA-4AD4636C118E}.Debug|Win32.ActiveCfg = Debug|Win32
		{5493094F-6F56-457E-8FBA-4AD4636C118E}.Debug|Win32.Build.0 = Debug|Win32
		{5493094F-6F56-457E-8FBA-4AD4636C118E}.Debug|Win32.Deploy.0 = Debug|Win32
		{5493094F-6F56-457E-8FBA-4AD4636C118E}.Debug|x64.ActiveCfg = Debug|Win32
		{5493094F-6F56-457E-8FBA-4AD4636C118E}.Debug|x86.ActiveCfg = Debug|Win32
		{5493094F-6F56-457E-8FBA-4AD4636C118E}.Debug|x86.Build.0 = Debug|Win32
		{5493094F-6F56-457E-8FBA-4AD4636C118E}.Release|Win32.ActiveCfg = Release|Win32
		{5493094F-6F56-457E-8FBA-4AD4636C118E}.Release|Win32.Build.0 = Release|Win32
		{5493094F-6F56-457E-8FBA-4AD4636C118E}.Release|Win32.Deploy.0 = Release|Win32
		{5493094F-6F56-457E-8FBA-4AD4636C118E}.Release|x64.ActiveCfg = Release|Win32
		{5493094F-6F56-457E-8FBA-4AD4636C118E}.Release|x86.ActiveCfg = Release|Win32
		{5493094F-6F56-457E-8FBA-4AD4636C118E}.Release|x86.Build.0 = Release|Win32
		{1C691BB4-5A8A-40F9-82F9-849C02D3DA03}.Debug|Win32.ActiveCfg = Debug|Win32
		{1C691BB4-5A8A-40F9-82F9-849C02D3DA03}.Debug|Win32.Build.0 = Debug|Win32
		{1C691BB4-5A8A-40F9-82F9-849C02D3DA03}.Debug|Win32.Deploy.0 = Debug|Win32
		{1C691BB4-5A8A-40F9-82F9-849C02D3DA03}.Debug|x64.ActiveCfg = Debug|Win32
		{1C691BB4-5A8A-40F9-82F9-849C02D3DA03}.Debug|x86.ActiveCfg = Debug|Win32
		{1C691BB4-5A8A-40F9-82F9-849C02D3DA03}.Debug|x86.Build.0 = Debug|Win32
		{1C691BB4-5A8A-40F9-82F9-849C02D3DA03}.Release|Win32.ActiveCfg = Release|Win32
		{1C691BB4-5A8A-40F9-82F9-849C02D3DA03}.Release|Win32.Build.0 = Release|Win32
		{1C691BB4-5A8A-40F9-82F9-849C02D3DA03}.Release|Win32.Deploy.0 = Release|Win32
		{1C691BB4-5A8A-40F9-82F9-849C02D3DA03}.Release|x64.ActiveCfg = Release|Win32
		{1C691BB4-5A8A-40F9-82F9-849C02D3DA03}.Release|x86.ActiveCfg = Release|Win32
		{1C691BB4-5A8A-40F9-82F9-849C02D3DA03}.Release|x86.Build.0 = Release|Win32
		{111BC4F1-3552-450B-BE8D-59AB782BF335}.Debug|Win32.ActiveCfg = Debug|Win32
		{111BC4F1-3552-450B-BE8D-59AB782BF335}.Debug|Win32.Build.0 = Debug|Win32
		{111BC4F1-3552-450B-BE8D-59AB782BF335}.Debug|Win32.Deploy.0 = Debug|Win32
		{111BC4F1-3552-450B-BE8D-59AB782BF335}.Debug|x64.ActiveCfg = Debug|Win32
		{111BC4F1-3552-450B-BE8D-59AB782BF335}.Debug|x86.ActiveCfg = Debug|Win32
		{111BC4F1-3552-450B-BE8D-59AB782BF335}.Debug|x86.Build.0 = Debug|Win32
		{111BC4F1-3552-450B-BE8D-59AB782BF335}.Release|Win32.ActiveCfg = Release|Win32
		{111BC4F1-3552-450B-BE8D-59AB782BF335}.Release|Win32.Build.0 = Release|Win32
		{111BC4F1-3552-450B-BE8D-59AB782BF335}.Release|Win32.Deploy.0 = Release|Win32
		{111BC4F1-3552-450B-BE8D-59AB782BF335}.Release|x64.ActiveCfg = Release|Win32
		{111BC4F1-3552-450B-BE8D-59AB782BF335}.Release|x86.ActiveCfg = Release|Win32
		{111BC4F1-3552-450B-BE8D-59AB782BF335}.Release|x86.Build.0 = Release|Win32
		{2A737F45-C653-4E44-84EB-D00D307DC288}.Debug|Win32.ActiveCfg = Debug|Win32
		{2A737F45-C653-4E44-84EB-D00D307DC288}.Debug|Win32.Build.0 = Debug|Win32
		{2A737F45-C653-4E44-84EB-D00D307DC288}.Debug|Win32.Deploy.0 = Debug|Win32
		{2A737F45-C653-4E44-84EB-D00D307DC288}.Debug|x64.ActiveCfg = Debug|Win32
		{2A737F45-C653-4E44-84EB-D00D307DC288}.Debug|x86.ActiveCfg = Debug|Win32
		{2A737F45-C653-4E44-84EB-D00D307DC288}.Debug|x86.Build.0 = Debug|Win32
		{2A737F45-C653-4E44-84EB-D00D307DC288}.Release|Win32.ActiveCfg = Release|Win32
		{2A737F45-C653-4E44-84EB-D00D307DC288}.Release|Win32.Build.0 = Release|Win32
		{2A737F45-C653-4E44-84EB-D00D307DC288}.Release|Win32.Deploy.0 = Release|Win32
		{2A737F45-C653-4E44-84EB-D00D307DC288}.Release|x64.ActiveCfg = Release|Win32
		{2A737F45-C653-4E44-84EB-D00D307DC288}.Release|x86.ActiveCfg = Release|Win32
		{2A737F45-C653-4E44-84EB-D00D307DC288}.Release|x86.Build.0 = Release|Win32
		{3206A000-F01D-4097-80B1-7ACE2667F7D3}.Debug|Win32.ActiveCfg = Debug|Win32
		{3206A000-F01D-4097-80B1-7ACE2667F7D3}.Debug|Win32.Build.0 = Debug|Win32
		{3206A000-F01D-4097-80B1-7ACE2667F7D3}.Debug|Win32.Deploy.0 = Debug|Win32
		{3206A000-F01D-4097-80B1-7ACE2667F7D3}.Debug|x64.ActiveCfg = Debug|Win32
		{3206A000-F01D-4097-80B1-7ACE2667F7D3}.Debug|x86.ActiveCfg = Debug|Win32
		{3206A000-F01D-4097-80B1-7ACE2667F7D3}.Debug|x86.Build.0 = Debug|Win32
		{3206A000-F01D-4097-80B1-7ACE2667F7D3}.Release|Win32.ActiveCfg = Release|Win32
		{3206A000-F01D-4097-80B1-7ACE2667F7D3}.Release|Win32.Build.0 = Release|Win32
		{3206A000-F01D-4097-80B1-7ACE2667F7D3}.Release|Win32.Deploy.0 = Release|Win32
		{3206A000-F01D-4097-80B1-7ACE2667F7D3}.Release|x64.ActiveCfg = Release|Win32
		{3206A000-F01D-4097-80B1-7ACE2667F7D3}.Release|x86.ActiveCfg = Release|Win32
		{3206A000-F01D-4097-80B1-7ACE2667F7D3}.Release|x86.Build.0 = Release|Win32
		{EB53BD35-68E0-4141-BA15-C3C58226B46E}.Debug|Win32.ActiveCfg = Debug|Win32
		{EB53BD35-68E0-4141-BA15-C3C58226B46E}.Debug|Win32.Build.0 = Debug|Win32
		{EB53BD35-68E0-4141-BA15-C3C58226B46E}.Debug|Win32.Deploy.0 = Debug|Win32
		{EB53BD35-68E0-4141-BA15-C3C58226B46E}.Debug|x64.ActiveCfg = Debug|Win32
		{EB53BD35-68E0-4141-BA15-C3C58226B46E}.Debug|x86.ActiveCfg = Debug|Win32
		{EB53BD35-68E0-4141-BA15-C3C58226B46E}.Debug|x86.Build.0 = Debug|Win32
		{EB53BD35-68E0-4141-BA15-C3C58226B46E}.Release|Win32.ActiveCfg = Release|Win32
		{EB53BD35-68E0-4141-BA15-C3C58226B46E}.Release|Win32.Build.0 = Release|Win32
		{EB53BD35-68E0-4141-BA15-C3C58226B46E}.Release|Win32.Deploy.0 = Release|Win32
		{EB53BD35-68E0-4141-BA15-C3C58226B46E}.Release|x64.ActiveCfg = Release|Win32
		{EB53BD35-68E0-4141-BA15-C3C58226B46E}.Release|x86.ActiveCfg = Release|Win32
		{EB53BD35-68E0-4141-BA15-C3C58226B46E}.Release|x86.Build.0 = Release|Win32
		{392AE35A-F746-421C-9566-E3ABBA9EECA0}.Debug|Win32.ActiveCfg = Debug|Win32
		{392AE35A-F746-421C-9566-E3ABBA9EECA0}.Debug|Win32.Build.0 = Debug|Win32
		{392AE35A-F746-421C-9566-E3ABBA9EECA0}.Debug|Win32.Deploy.0 = Debug|Win32
		{392AE35A-F746-421C-9566-E3ABBA9EECA0}.Debug|x64.ActiveCfg = Debug|Win32
		{392AE35A-F746-421C-9566-E3ABBA9EECA0}.Debug|x86.ActiveCfg = Debug|Win32
		{392AE35A-F746-421C-9566-E3ABBA9EECA0}.Debug|x86.Build.0 = Debug|Win32
		{392AE35A-F746-421C-9566-E3ABBA9EECA0}.Release|Win32.ActiveCfg = Release|Win32
		{392AE35A-F746-421C-9566-E3ABBA9EECA0}.Release|Win32.Build.0 = Release|Win32
		{392AE35A-F746-421C-9566-E3ABBA9EECA0}.Release|Win32.Deploy.0 = Release|Win32
		{392AE35A-F746-421C-9566-E3ABBA9EECA0}.Release|x64.ActiveCfg = Release|Win32
		{392AE35A-F746-421C-9566-E3ABBA9EECA0}.Release|x86.ActiveCfg = Release|Win32
		{392AE35A-F746-421C-9566-E3ABBA9EECA0}.Release|x86.Build.0 = Release|Win32
		{E39C7A2E-D939-4F4D-8C54-E54B452C931C}.Debug|Win32.ActiveCfg = Debug|Win32
		{E39C7A2E-D939-4F4D-8C54-E54B452C931C}.Debug|Win32.Build.0 = Debug|Win32
		{E39C7A2E-D939-4F4D-8C54-E54B452C931C}.Debug|Win32.Deploy.0 = Debug|Win32
		{E39C7A2E-D939-4F4D-8C54-E54B452C931C}.Debug|x64.ActiveCfg = Debug|x64
		{E39C7A2E-D939-4F4D-8C54-E54B452C931C}.Debug|x64.Build.0 = Debug|x64
		{E39C7A2E-D939-4F4D-8C54-E54B452C931C}.Debug|x86.ActiveCfg = Debug|Win32
		{E39C7A2E-D939-4F4D-8C54-E54B452C931C}.Debug|x86.Build.0 = Debug|Win32
		{E39C7A2E-D939-4F4D-8C54-E54B452C931C}.Release|Win32.ActiveCfg = Release|Win32
		{E39C7A2E-D939-4F4D-8C54-E54B452C931C}.Release|Win32.Build.0 = Release|Win32
		{E39C7A2E-D939-4F4D-8C54-E54B452C931C}.Release|Win32.Deploy.0 = Release|Win32
		{E39C7A2E-D939-4F4D-8C54-E54B452C931C}.Release|x64.ActiveCfg = Release|x64
		{E39C7A2E-D939-4F4D-8C54-E54B452C931C}.Release|x64.Build.0 = Release|x64
		{E39C7A2E-D939-4F4D-8C54-E54B452C931C}.Release|x86.ActiveCfg = Release|Win32
		{E39C7A2E-D939-4F4D-8C54-E54B452C931C}.Release|x86.Build.0 = Release|Win32
		{A9ABF1CE-1C33-4AE0-9812-69DFB47481E5}.Debug|Win32.ActiveCfg = Debug|Win32
		{A9ABF1CE-1C33-4AE0-9812-69DFB47481E5}.Debug|Win32.Build.0 = Debug|Win32
		{A9ABF1CE-1C33-4AE0-9812-69DFB47481E5}.Debug|Win32.Deploy.0 = Debug|Win32
		{A9ABF1CE-1C33-4AE0-9812-69DFB47481E5}.Debug|x64.ActiveCfg = Debug|x64
		{A9ABF1CE-1C33-4AE0-9812-69DFB47481E5}.Debug|x64.Build.0 = Debug|x64
		{A9ABF1CE-1C33-4AE0-9812-69DFB47481E5}.Debug|x86.ActiveCfg = Debug|Win32
		{A9ABF1CE-1C33-4AE0-9812-69DFB47481E5}.Debug|x86.Build.0 = Debug|Win32
		{A9ABF1CE-1C33-4AE0-9812-69DFB47481E5}.Release|Win32.ActiveCfg = Release|Win32
		{A9ABF1CE-1C33-4AE0-9812-69DFB47481E5}.Release|Win32.Build.0 = Release|Win32
		{A9ABF1CE-1C33-4AE0-9812-69DFB47481E5}.Release|Win32.Deploy.0 = Release|Win32
		{A9ABF1CE-1C33-4AE0-9812-69DFB47481E5}.Release|x64.ActiveCfg = Release|x64
		{A9ABF1CE-1C33-4AE0-9812-69DFB47481E5}.Release|x64.Build.0 = Release|x64
		{A9ABF1CE-1C33-4AE0-9812-69DFB47481E5}.Release|x86.ActiveCfg = Release|Win32
		{A9ABF1CE-1C33-4AE0-9812-69DFB47481E5}.Release|x86.Build.0 = Release|Win32
		{166D0676-BFF0-4F96-99A6-192FFC5F38CF}.Debug|Win32.ActiveCfg = Debug|Win32
		{166D0676-BFF0-4F96-99A6-192FFC5F38CF}.Debug|Win32.Build.0 = Debug|Win32
		{166D0676-BFF0-4F96-99A6-192FFC5F38CF}.Debug|Win32.Deploy.0 = Debug|Win32
		{166D0676-BFF0-4F96-99A6-192FFC5F38CF}.Debug|x64.ActiveCfg = Debug|x64
		{166D0676-BFF0-4F96-99A6-192FFC5F38CF}.Debug|x64.Build.0 = Debug|x64
		{166D0676-BFF0-4F96-99A6-192FFC5F38CF}.Debug|x86.ActiveCfg = Debug|Win32
		{166D0676-BFF0-4F96-99A6-192FFC5F38CF}.Debug|x86.Build.0 = Debug|Win32
		{166D0676-BFF0-4F96-99A6-192FFC5F38CF}.Release|Win32.ActiveCfg = Release|Win32
		{166D0676-BFF0-4F96-99A6-192FFC5F38CF}.Release|Win32.Build.0 = Release|Win32
		{166D0676-BFF0-4F96-99A6-192FFC5F38CF}.Release|Win32.Deploy.0 = Release|Win32
		{166D0676-BFF0-4F96-99A6-192FFC5F38CF}.Release|x64.ActiveCfg = Release|x64
		{166D0676-BFF0-4F96-99A6-192FFC5F38CF}.Release|x64.Build.0 = Release|x64
		{166D0676-BFF0-4F96-99A6-192FFC5F38CF}.Release|x86.ActiveCfg = Release|Win32
		{166D0676-BFF0-4F96-99A6-192FFC5F38CF}.Release|x86.Build.0 = Release|Win32
		{EC0293F5-4BCF-46B2-8133-18CAEA141C5B}.Debug|Win32.ActiveCfg = Debug|Win32
		{EC0293F5-4BCF-46B2-8133-18CAEA141C5B}.Debug|Win32.Build.0 = Debug|Win32
		{EC0293F5-4BCF-46B2-8133-18CAEA141C5B}.Debug|x64.ActiveCfg = Debug|Win32
		{EC0293F5-4BCF-46B2-8133-18CAEA141C5B}.Debug|x86.ActiveCfg = Debug|Win32
		{EC0293F5-4BCF-46B2-8133-18CAEA141C5B}.Debug|x86.Build.0 = Debug|Win32
		{EC0293F5-4BCF-46B2-8133-18CAEA141C5B}.Release|Win32.ActiveCfg = Release|Win32
		{EC0293F5-4BCF-46B2-8133-18CAEA141C5B}.Release|Win32.Build.0 = Release|Win32
		{EC0293F5-4BCF-46B2-8133-18CAEA141C5B}.Release|x64.ActiveCfg = Release|Win32
		{EC0293F5-4BCF-46B2-8133-18CAEA141C5B}.Release|x86.ActiveCfg = Release|Win32
		{EC0293F5-4BCF-46B2-8133-18CAEA141C5B}.Release|x86.Build.0 = Release|Win32
		{9470DBEE-6F72-4EB4-94D4-77DA51B90503}.Debug|Win32.ActiveCfg = Debug|Win32
		{9470DBEE-6F72-4EB4-94D4-77DA51B90503}.Debug|Win32.Build.0 = Debug|Win32
		{9470DBEE-6F72-4EB4-94D4-77DA51B90503}.Debug|x64.ActiveCfg = Debug|x64
		{9470DBEE-6F72-4EB4-94D4-77DA51B90503}.Debug|x64.Build.0 = Debug|x64
		{9470DBEE-6F72-4EB4-94D4-77DA51B90503}.Debug|x86.ActiveCfg = Debug|Win32
		{9470DBEE-6F72-4EB4-94D4-77DA51B90503}.Debug|x86.Build.0 = Debug|Win32
		{9470DBEE-6F72-4EB4-94D4-77DA51B90503}.Release|Win32.ActiveCfg = Release|Win32
		{9470DBEE-6F72-4EB4-94D4-77DA51B90503}.Release|Win32.Build.0 = Release|Win32
		{9470DBEE-6F72-4EB4-94D4-77DA51B90503}.Release|x64.ActiveCfg = Release|x64
		{9470DBEE-6F72-4EB4-94D4-77DA51B90503}.Release|x64.Build.0 = Release|x64
		{9470DBEE-6F72-4EB4-94D4-77DA51B90503}.Release|x86.ActiveCfg = Release|Win32
		{9470DBEE-6F72-4EB4-94D4-77DA51B90503}.Release|x86.Build.0 = Release|Win32
		{259CB435-38B2-4F78-A400-3BA5B420B055}.Debug|Win32.ActiveCfg = Debug|Win32
		{259CB435-38B2-4F78-A400-3BA5B420B055}.Debug|Win32.Build.0 = Debug|Win32
		{259CB435-38B2-4F78-A400-3BA5B420B055}.Debug|x64.ActiveCfg = Debug|x64
		{259CB435-38B2-4F78-A400-3BA5B420B055}.Debug|x64.Build.0 = Debug|x64
		{259CB435-38B2-4F78-A400-3BA5B420B055}.Debug|x86.ActiveCfg = Debug|Win32
		{259CB435-38B2-4F78-A400-3BA5B420B055}.Debug|x86.Build.0 = Debug|Win32
		{259CB435-38B2-4F78-A400-3BA5B420B055}.Release|Win32.ActiveCfg = Release|Win32
		{259CB435-38B2-4F78-A400-3BA5B420B055}.Release|Win32.Build.0 = Release|Win32
		{259CB435-38B2-4F78-A400-3BA5B420B055}.Release|x64.ActiveCfg = Release|x64
		{259CB435-38B2-4F78-A400-3BA5B420B055}.Release|x64.Build.0 = Release|x64
		{259CB435-38B2-4F78-A400-3BA5B420B055}.Release|x86.ActiveCfg = Release|Win32
		{259CB435-38B2-4F78-A400-3BA5B420B055}.Release|x86.Build.0 = Release|Win32
		{0D05F7F6-AD18-45C9-AE7C-56C84D2E6121}.Debug|Win32.ActiveCfg = Debug|Win32
		{0D05F7F6-AD18-45C9-AE7C-56C84D2E6121}.Debug|Win32.Build.0 = Debug|Win32
		{0D05F7F6-AD18-45C9-AE7C-56C84D2E6121}.Debug|x64.ActiveCfg = Debug|x64
		{0D05F7F6-AD18-45C9-AE7C-56C84D2E6121}.Debug|x64.Build.0 = Debug|x64
		{0D05F7F6-AD18-45C9-AE7C-56C84D2E6121}.Debug|x86.ActiveCfg = Debug|Win32
		{0D05F7F6-AD18-45C9-AE7C-56C84D2E6121}.Debug|x86.Build.0 = Debug|Win32
		{0D05F7F6-AD18-45C9-AE7C-56C84D2E6121}.Release|Win32.ActiveCfg = Release|Win32
		{0D05F7F6-AD18-45C9-AE7C-56C84D2E6121}.Release|Win32.Build.0 = Release|Win32
		{0D05F7F6-AD18-45C9-AE7C-56C84D2E6121}.Release|x64.ActiveCfg = Release|x64
		{0D05F7F6-AD18-45C9-AE7C-56C84D2E6121}.Release|x64.Build.0 = Release|x64
		{0D05F7F6-AD18-45C9-AE7C-56C84D2E6121}.Release|x86.ActiveCfg = Release|Win32
		{0D05F7F6-AD18-45C9-AE7C-56C84D2E6121}.Release|x86.Build.0 = Release|Win32
		{252DEB73-9C3F-4EC4-BD30-65F750C24629}.Debug|Win32.ActiveCfg = Debug|Win32
		{252DEB73-9C3F-4EC4-BD30-65F750C24629}.Debug|Win32.Build.0 = Debug|Win32
		{252DEB73-9C3F-4EC4-BD30-65F750C24629}.Debug|x64.ActiveCfg = Debug|x64
		{252DEB73-9C3F-4EC4-BD30-65F750C24629}.Debug|x64.Build.0 = Debug|x64
		{252DEB73-9C3F-4EC4-BD30-65F750C24629}.Debug|x86.ActiveCfg = Debug|Win32
		{252DEB73-9C3F-4EC4-BD30-65F750C24629}.Debug|x86.Build.0 = Debug|Win32
		{252DEB73-9C3F-4EC4-BD30-65F750C24629}.Release|Win32.ActiveCfg = Release|Win32
		{252DEB73-9C3F-4EC4-BD30-65F750C24629}.Release|Win32.Build.0 = Release|Win32
		{252DEB73-9C3F-4EC4-BD30-65F750C24629}.Release|x64.ActiveCfg = Release|x64
		{252DEB73-9C3F-4EC4-BD30-65F750C24629}.Release|x64.Build.0 = Release|x64
		{252DEB73-9C3F-4EC4-BD30-65F750C24629}.Release|x86.ActiveCfg = Release|Win32
		{252DEB73-9C3F-4EC4-BD30-65F750C24629}.Release|x86.Build.0 = Release|Win32
		{079E7F35-7D9E-44CF-A32A-718E9633D0CF}.Debug|Win32.ActiveCfg = Debug|Win32
		{079E7F35-7D9E-44CF-A32A-718E9633D0CF}.Debug|Win32.Build.0 = Debug|Win32
		{079E7F35-7D9E-44CF-A32A-718E9633D0CF}.Debug|x64.ActiveCfg = Debug|x64
		{079E7F35-7D9E-44CF-A32A-718E9633D0CF}.Debug|x64.Build.0 = Debug|x64
		{079E7F35-7D9E-44CF-A32A-718E9633D0CF}.Debug|x86.ActiveCfg = Debug|Win32
		{079E7F35-7D9E-44CF-A32A-718E9633D0CF}.Debug|x86.Build.0 = Debug|Win32
		{079E7F35-7D9E-44CF-A32A-718E9633D0CF}.Release|Win32.ActiveCfg = Release|Win32
		{079E7F35-7D9E-44CF-A32A-718E9633D0CF}.Release|Win32.Build.0 = Release|Win32
		{079E7F35-7D9E-44CF-A32A-718E9633D0CF}.Release|x64.ActiveCfg = Release|x64
		{079E7F35-7D9E-44CF-A32A-718E9633D0CF}.Release|x64.Build.0 = Release|x64
		{079E7F35-7D9E-44CF-A32A-718E9633D0CF}.Release|x86.ActiveCfg = Release|Win32
		{079E7F35-7D9E-44CF-A32A-718E9633D0CF}.Release|x86.Build.0 = Release|Win32
		{F66A67E3-C452-4B47-8344-EECD12D9DB22}.Debug|Win32.ActiveCfg = Debug|Win32
		{F66A67E3-C452-4B47-8344-EECD12D9DB22}.Debug|Win32.Build.0 = Debug|Win32
		{F66A67E3-C452-4B47-8344-EECD12D9DB22}.Debug|x64.ActiveCfg = Debug|x64
		{F66A67E3-C452-4B47-8344-EECD12D9DB22}.Debug|x64.Build.0 = Debug|x64
		{F66A67E3-C452-4B47-8344-EECD12D9DB22}.Debug|x86.ActiveCfg = Debug|Win32
		{F66A67E3-C452-4B47-8344-EECD12D9DB22}.Debug|x86.Build.0 = Debug|Win32
		{F66A67E3-C452-4B47-8344-EECD12D9DB22}.Release|Win32.ActiveCfg = Release|Win32
		{F66A67E3-C452-4B47-8344-EECD12D9DB22}.Release|Win32.Build.0 = Release|Win32
		{F66A67E3-C452-4B47-8344-EECD12D9DB22}.Release|x64.ActiveCfg = Release|x64
		{F66A67E3-C452-4B47-8344-EECD12D9DB22}.Release|x64.Build.0 = Release|x64
		{F66A67E3-C452-4B47-8344-EECD12D9DB22}.Release|x86.ActiveCfg = Release|Win32
		{F66A67E3-C452-4B47-8344-EECD12D9DB22}.Release|x86.Build.0 = Release|Win32
		{9D83905B-E41C-4C3E-A298-DBB3A4915081}.Debug|Win32.ActiveCfg = Debug|Win32
		{9D83905B-E41C-4C3E-A298-DBB3A4915081}.Debug|Win32.Build.0 = Debug|Win32
		{9D83905B-E41C-4C3E-A298-DBB3A4915081}.Debug|x64.ActiveCfg = Debug|x64
		{9D83905B-E41C-4C3E-A298-DBB3A4915081}.Debug|x64.Build.0 = Debug|x64
		{9D83905B-E41C-4C3E-A298-DBB3A4915081}.Debug|x86.ActiveCfg = Debug|Win32
		{9D83905B-E41C-4C3E-A298-DBB3A4915081}.Debug|x86.Build.0 = Debug|Win32
		{9D83905B-E41C-4C3E-A298-DBB3A4915081}.Release|Win32.ActiveCfg = Release|Win32
		{9D83905B-E41C-4C3E-A298-DBB3A4915081}.Release|Win32.Build.0 = Release|Win32
		{9D83905B-E41C-4C3E-A298-DBB3A4915081}.Release|x64.ActiveCfg = Release|x64
		{9D83905B-E41C-4C3E-A298-DBB3A4915081}.Release|x64.Build.0 = Release|x64
		{9D83905B-E41C-4C3E-A298-DBB3A4915081}.Release|x86.ActiveCfg = Release|Win32
		{9D83905B-E41C-4C3E-A298-DBB3A4915081}.Release|x86.Build.0 = Release|Win32
		{5F423901-8EB7-432C-BD59-D5CE19A28E87}.Debug|Win32.ActiveCfg = Debug|Win32
		{5F423901-8EB7-432C-BD59-D5CE19A28E87}.Debug|Win32.Build.0 = Debug|Win32
		{5F423901-8EB7-432C-BD59-D5CE19A28E87}.Debug|x64.ActiveCfg = Debug|x64
		{5F423901-8EB7-432C-BD59-D5CE19A28E87}.Debug|x64.Build.0 = Debug|x64
		{5F423901-8EB7-432C-BD59-D5CE19A28E87}.Debug|x86.ActiveCfg = Debug|Win32
		{5F423901-8EB7-432C-BD59-D5CE19A28E87}.Debug|x86.Build.0 = Debug|Win32
		{5F423901-8EB7-432C-BD59-D5CE19A28E87}.Release|Win32.ActiveCfg = Release|Win32
		{5F423901-8EB7-432C-BD59-D5CE19A28E87}.Release|Win32.Build.0 = Release|Win32
		{5F423901-8EB7-432C-BD59-D5CE19A28E87}.Release|x64.ActiveCfg = Release|x64
		{5F423901-8EB7-432C-BD59-D5CE19A28E87}.Release|x64.Build.0 = Release|x64
		{5F423901-8EB7-432C-BD59-D5CE19A28E87}.Release|x86.ActiveCfg = Release|Win32
		{5F423901-8EB7-432C-BD59-D5CE19A28E87}.Release|x86.Build.0 = Release|Win32
		{E4768536-84BF-4EC3-BC1F-14DB7880F256}.Debug|Win32.ActiveCfg = Debug|Win32
		{E4768536-84BF-4EC3-BC1F-14DB7880F256}.Debug|Win32.Build.0 = Debug|Win32
		{E4768536-84BF-4EC3-BC1F-14DB7880F256}.Debug|x64.ActiveCfg = Debug|x64
		{E4768536-84BF-4EC3-BC1F-14DB7880F256}.Debug|x64.Build.0 = Debug|x64
		{E4768536-84BF-4EC3-BC1F-14DB7880F256}.Debug|x86.ActiveCfg = Debug|Win32
		{E4768536-84BF-4EC3-BC1F-14DB7880F256}.Debug|x86.Build.0 = Debug|Win32
		{E4768536-84BF-4EC3-BC1F-14DB7880F256}.Release|Win32.ActiveCfg = Release|Win32
		{E4768536-84BF-4EC3-BC1F-14DB7880F256}.Release|Win32.Build.0 = Release|Win32
		{E4768536-84BF-4EC3-BC1F-14DB7880F256}.Release|x64.ActiveCfg = Release|x64
		{E4768536-84BF-4EC3-BC1F-14DB7880F256}.Release|x64.Build.0 = Release|x64
		{E4768536-84BF-4EC3-BC1F-14DB7880F256}.Release|x86.ActiveCfg = Release|Win32
		{E4768536-84BF-4EC3-BC1F-14DB7880F256}.Release|x86.Build.0 = Release|Win32
		{38F82008-E6AE-4861-87AD-26B8C8CAB8AB}.Debug|Win32.ActiveCfg = Debug|Win32
		{38F82008-E6AE-4861-87AD-26B8C8CAB8AB}.Debug|Win32.Build.0 = Debug|Win32
		{38F82008-E6AE-4861-87AD-26B8C8CAB8AB}.Debug|x64.ActiveCfg = Debug|x64
		{38F82008-E6AE-4861-87AD-26B8C8CAB8AB}.Debug|x64.Build.0 = Debug|x64
		{38F82008-E6AE-4861-87AD-26B8C8CAB8AB}.Debug|x86.ActiveCfg = Debug|Win32
		{38F82008-E6AE-4861-87AD-26B8C8CAB8AB}.Debug|x86.Build.0 = Debug|Win32
		{38F82008-E6AE-4861-87AD-26B8C8CAB8AB}.Release|Win32.ActiveCfg = Release|Win32
		{38F82008-E6AE-4861-87AD-26B8C8CAB8AB}.Release|Win32.Build.0 = Release|Win32
		{38F82008-E6AE-4861-87AD-26B8C8CAB8AB}.Release|x64.ActiveCfg = Release|x64
		{38F82008-E6AE-4861-87AD-26B8C8CAB8AB}.Release|x64.Build.0 = Release|x64
		{38F82008-E6AE-4861-87AD-26B8C8CAB8AB}.Release|x86.ActiveCfg = Release|Win32
		{38F82008-E6AE-4861-87AD-26B8C8CAB8AB}.Release|x86.Build.0 = Release|Win32
	EndGlobalSection
	GlobalSection(SolutionProperties) = preSolution
		HideSolutionNode = FALSE
	EndGlobalSection
	GlobalSection(ExtensibilityGlobals) = postSolution
		SolutionGuid = {DA312A56-F5A6-472A-B095-C14062784EAB}
	EndGlobalSection
EndGlobal
