<?xml version="1.0" encoding="utf-8"?>
<Project ToolsVersion="4.0" xmlns="http://schemas.microsoft.com/developer/msbuild/2003">
  <ItemGroup>
    <Filter Include="Source Files">
      <UniqueIdentifier>{4FC737F1-C7A5-4376-A066-2A32D752A2FF}</UniqueIdentifier>
      <Extensions>cpp;c;cc;cxx;def;odl;idl;hpj;bat;asm;asmx</Extensions>
    </Filter>
    <Filter Include="Header Files">
      <UniqueIdentifier>{93995380-89BD-4b04-88EB-625FBE52EBFB}</UniqueIdentifier>
      <Extensions>h;hh;hpp;hxx;hm;inl;inc;xsd</Extensions>
    </Filter>
    <Filter Include="Resource Files">
      <UniqueIdentifier>{67DA6AB6-F800-4c08-8B7A-83BB121AAD01}</UniqueIdentifier>
      <Extensions>rc;ico;cur;bmp;dlg;rc2;rct;bin;rgs;gif;jpg;jpeg;jpe;resx;tiff;tif;png;wav;mfcribbon-ms</Extensions>
    </Filter>
    <Filter Include="Header Files\Data">
      <UniqueIdentifier>{8b8b9e90-0467-416e-995d-b1965d32feb6}</UniqueIdentifier>
    </Filter>
  </ItemGroup>
  <ItemGroup>
    <ClCompile Include="DLCs.cpp">
      <Filter>Source Files</Filter>
    </ClCompile>
    <ClCompile Include="stdafx.cpp">
      <Filter>Source Files</Filter>
    </ClCompile>
    <ClCompile Include="Balloon.cpp">
      <Filter>Source Files</Filter>
    </ClCompile>
    <ClCompile Include="Messages.cpp">
      <Filter>Source Files</Filter>
    </ClCompile>
    <ClCompile Include="Posters.cpp">
      <Filter>Source Files</Filter>
    </ClCompile>
    <ClCompile Include="Timer.cpp">
      <Filter>Source Files</Filter>
    </ClCompile>
    <ClCompile Include="ATT.cpp">
      <Filter>Source Files</Filter>
    </ClCompile>
    <ClCompile Include="Christmas98.cpp">
      <Filter>Source Files</Filter>
    </ClCompile>
    <ClCompile Include="Christmas99.cpp">
      <Filter>Source Files</Filter>
    </ClCompile>
    <ClCompile Include="Halloween.cpp">
      <Filter>Source Files</Filter>
    </ClCompile>
    <ClCompile Include="LaunchParty.cpp">
      <Filter>Source Files</Filter>
    </ClCompile>
    <ClCompile Include="Reebok.cpp">
      <Filter>Source Files</Filter>
    </ClCompile>
    <ClCompile Include="SambaGP.cpp">
      <Filter>Source Files</Filter>
    </ClCompile>
    <ClCompile Include="Y2K.cpp">
      <Filter>Source Files</Filter>
    </ClCompile>
    <ClCompile Include="Famitsu.cpp">
      <Filter>Source Files</Filter>
    </ClCompile>
    <ClCompile Include="Quo.cpp">
      <Filter>Source Files</Filter>
    </ClCompile>
  </ItemGroup>
  <ItemGroup>
    <ClInclude Include="Balloon.h">
      <Filter>Header Files</Filter>
    </ClInclude>
    <ClInclude Include="Messages.h">
      <Filter>Header Files</Filter>
    </ClInclude>
    <ClInclude Include="Posters.h">
      <Filter>Header Files</Filter>
    </ClInclude>
    <ClInclude Include="Timer.h">
      <Filter>Header Files</Filter>
    </ClInclude>
    <ClInclude Include="Data\DLC_ATT.h">
      <Filter>Header Files\Data</Filter>
    </ClInclude>
    <ClInclude Include="Data\DLC_Christmas98.h">
      <Filter>Header Files\Data</Filter>
    </ClInclude>
    <ClInclude Include="Data\DLC_Christmas99.h">
      <Filter>Header Files\Data</Filter>
    </ClInclude>
    <ClInclude Include="Data\DLC_Halloween.h">
      <Filter>Header Files\Data</Filter>
    </ClInclude>
    <ClInclude Include="Data\DLC_LaunchParty.h">
      <Filter>Header Files\Data</Filter>
    </ClInclude>
    <ClInclude Include="Data\DLC_Reebok.h">
      <Filter>Header Files\Data</Filter>
    </ClInclude>
    <ClInclude Include="Data\DLC_SambaGP.h">
      <Filter>Header Files\Data</Filter>
    </ClInclude>
    <ClInclude Include="Data\DLC_Y2K.h">
      <Filter>Header Files\Data</Filter>
    </ClInclude>
    <ClInclude Include="targetver.h">
      <Filter>Header Files</Filter>
    </ClInclude>
    <ClInclude Include="stdafx.h">
      <Filter>Header Files</Filter>
    </ClInclude>
    <ClInclude Include="DLCs.h">
      <Filter>Header Files</Filter>
    </ClInclude>
    <ClInclude Include="ATT.h">
      <Filter>Header Files</Filter>
    </ClInclude>
    <ClInclude Include="Christmas98.h">
      <Filter>Header Files</Filter>
    </ClInclude>
    <ClInclude Include="Christmas99.h">
      <Filter>Header Files</Filter>
    </ClInclude>
    <ClInclude Include="Halloween.h">
      <Filter>Header Files</Filter>
    </ClInclude>
    <ClInclude Include="LaunchParty.h">
      <Filter>Header Files</Filter>
    </ClInclude>
    <ClInclude Include="Reebok.h">
      <Filter>Header Files</Filter>
    </ClInclude>
    <ClInclude Include="SambaGP.h">
      <Filter>Header Files</Filter>
    </ClInclude>
    <ClInclude Include="Y2K.h">
      <Filter>Header Files</Filter>
    </ClInclude>
    <ClInclude Include="Famitsu.h">
      <Filter>Header Files</Filter>
    </ClInclude>
    <ClInclude Include="Quo.h">
      <Filter>Header Files</Filter>
    </ClInclude>
  </ItemGroup>
</Project>