<?xml version="1.0" encoding="utf-8"?>
<Project ToolsVersion="4.0" xmlns="http://schemas.microsoft.com/developer/msbuild/2003">
  <ItemGroup>
    <Filter Include="Source Files">
      <UniqueIdentifier>{4FC737F1-C7A5-4376-A066-2A32D752A2FF}</UniqueIdentifier>
      <Extensions>cpp;c;cc;cxx;def;odl;idl;hpj;bat;asm;asmx</Extensions>
    </Filter>
    <Filter Include="Header Files">
      <UniqueIdentifier>{93995380-89BD-4b04-88EB-625FBE52EBFB}</UniqueIdentifier>
      <Extensions>h;hh;hpp;hxx;hm;inl;inc;xsd</Extensions>
    </Filter>
    <Filter Include="Resource Files">
      <UniqueIdentifier>{67DA6AB6-F800-4c08-8B7A-83BB121AAD01}</UniqueIdentifier>
      <Extensions>rc;ico;cur;bmp;dlg;rc2;rct;bin;rgs;gif;jpg;jpeg;jpe;resx;tiff;tif;png;wav;mfcribbon-ms</Extensions>
    </Filter>
    <Filter Include="Header Files\Levels">
      <UniqueIdentifier>{eace49c7-4b6e-42f5-ad4d-6770239b893a}</UniqueIdentifier>
    </Filter>
    <Filter Include="Header Files\Levels\ADV00MODELS">
      <UniqueIdentifier>{003e8907-eaaa-448f-a7bf-239c9fa20625}</UniqueIdentifier>
    </Filter>
    <Filter Include="Header Files\Levels\ADV02MODELS">
      <UniqueIdentifier>{54a3fd4a-d12f-493b-ba36-413e5e3d2768}</UniqueIdentifier>
    </Filter>
    <Filter Include="Header Files\Levels\ADV01MODELS">
      <UniqueIdentifier>{90648a9e-8410-4076-81a2-538840d2ba0c}</UniqueIdentifier>
    </Filter>
    <Filter Include="Header Files\Levels\ADV01CMODELS">
      <UniqueIdentifier>{0d42c006-da31-4aa8-b04f-bc11db563ed0}</UniqueIdentifier>
    </Filter>
    <Filter Include="Header Files\Levels\ADV03MODELS">
      <UniqueIdentifier>{70b0dfe4-c69e-4f7c-8207-83fdddea9dbe}</UniqueIdentifier>
    </Filter>
    <Filter Include="Header Files\Levels\General">
      <UniqueIdentifier>{34190024-f44d-4af5-88be-ca1860caa879}</UniqueIdentifier>
    </Filter>
    <Filter Include="Header Files\Levels\Casinopolis">
      <UniqueIdentifier>{8066e205-986f-49bc-af50-ff2c8fae43d4}</UniqueIdentifier>
    </Filter>
    <Filter Include="Header Files\Levels\Chao">
      <UniqueIdentifier>{465e7de7-eb37-4dc8-a2f6-9bf0072387bf}</UniqueIdentifier>
    </Filter>
    <Filter Include="Header Files\Levels\Bosses">
      <UniqueIdentifier>{d1aec767-39f9-4b3c-8c78-054b1831da51}</UniqueIdentifier>
    </Filter>
    <Filter Include="Header Files\Levels\TwinklePark">
      <UniqueIdentifier>{785f0349-35df-4561-bda1-e032e9fbf9cc}</UniqueIdentifier>
    </Filter>
    <Filter Include="Header Files\Levels\EmeraldCoast">
      <UniqueIdentifier>{2c192f56-23ce-4703-9823-f4b1ce4c0137}</UniqueIdentifier>
    </Filter>
    <Filter Include="Header Files\Levels\FinalEgg">
      <UniqueIdentifier>{8a638a09-0f91-4886-ad8b-7d0c5d220841}</UniqueIdentifier>
    </Filter>
    <Filter Include="Header Files\Levels\SpeedHighway">
      <UniqueIdentifier>{b7cbad1e-0922-46d3-b851-85cb44046b5a}</UniqueIdentifier>
    </Filter>
    <Filter Include="Header Files\Levels\HotShelter">
      <UniqueIdentifier>{4290274a-4a57-4f0b-9137-91e6d95cf9fc}</UniqueIdentifier>
    </Filter>
    <Filter Include="Header Files\Levels\IceCap">
      <UniqueIdentifier>{cf4c1456-2da4-4db0-a508-89272549aa75}</UniqueIdentifier>
    </Filter>
    <Filter Include="Header Files\Levels\LostWorld">
      <UniqueIdentifier>{f89e7961-116f-4233-b5a9-7de249f1f965}</UniqueIdentifier>
    </Filter>
    <Filter Include="Header Files\Levels\RedMountain">
      <UniqueIdentifier>{90544962-f8b2-497e-b6b8-b3ba0041e868}</UniqueIdentifier>
    </Filter>
    <Filter Include="Header Files\Levels\WindyValley">
      <UniqueIdentifier>{9428b5f2-6c2a-4eeb-bd18-42dcc2cc5ede}</UniqueIdentifier>
    </Filter>
    <Filter Include="Header Files\Levels\Subgames">
      <UniqueIdentifier>{edd701a0-dec3-4950-b759-4178e3537c49}</UniqueIdentifier>
    </Filter>
    <Filter Include="Header Files\Levels\SkyDeck">
      <UniqueIdentifier>{ce194479-c793-42b0-93c8-81cacb51d160}</UniqueIdentifier>
    </Filter>
  </ItemGroup>
  <ItemGroup>
    <ClCompile Include="DC_ADV00MODELS.cpp">
      <Filter>Source Files</Filter>
    </ClCompile>
    <ClCompile Include="DC_ADV01MODELS.cpp">
      <Filter>Source Files</Filter>
    </ClCompile>
    <ClCompile Include="DC_ADV02MODELS.cpp">
      <Filter>Source Files</Filter>
    </ClCompile>
    <ClCompile Include="DC_ADV03MODELS.cpp">
      <Filter>Source Files</Filter>
    </ClCompile>
    <ClCompile Include="DC_Bosses.cpp">
      <Filter>Source Files</Filter>
    </ClCompile>
    <ClCompile Include="DC_Branding.cpp">
      <Filter>Source Files</Filter>
    </ClCompile>
    <ClCompile Include="DC_Casinopolis.cpp">
      <Filter>Source Files</Filter>
    </ClCompile>
    <ClCompile Include="DC_ChaoGardens.cpp">
      <Filter>Source Files</Filter>
    </ClCompile>
    <ClCompile Include="DC_EmeraldCoast.cpp">
      <Filter>Source Files</Filter>
    </ClCompile>
    <ClCompile Include="DC_FinalEgg.cpp">
      <Filter>Source Files</Filter>
    </ClCompile>
    <ClCompile Include="DC_General.cpp">
      <Filter>Source Files</Filter>
    </ClCompile>
    <ClCompile Include="DC_HotShelter.cpp">
      <Filter>Source Files</Filter>
    </ClCompile>
    <ClCompile Include="DC_IceCap.cpp">
      <Filter>Source Files</Filter>
    </ClCompile>
    <ClCompile Include="DC_LostWorld.cpp">
      <Filter>Source Files</Filter>
    </ClCompile>
    <ClCompile Include="DC_RedMountain.cpp">
      <Filter>Source Files</Filter>
    </ClCompile>
    <ClCompile Include="DC_SkyDeck.cpp">
      <Filter>Source Files</Filter>
    </ClCompile>
    <ClCompile Include="DC_SpeedHighway.cpp">
      <Filter>Source Files</Filter>
    </ClCompile>
    <ClCompile Include="DC_Subgames.cpp">
      <Filter>Source Files</Filter>
    </ClCompile>
    <ClCompile Include="DC_TwinklePark.cpp">
      <Filter>Source Files</Filter>
    </ClCompile>
    <ClCompile Include="DC_WindyValley.cpp">
      <Filter>Source Files</Filter>
    </ClCompile>
    <ClCompile Include="Lighting.cpp">
      <Filter>Source Files</Filter>
    </ClCompile>
    <ClCompile Include="mod.cpp">
      <Filter>Source Files</Filter>
    </ClCompile>
    <ClCompile Include="stdafx.cpp">
      <Filter>Source Files</Filter>
    </ClCompile>
    <ClCompile Include="SkyChaseFixes.cpp">
      <Filter>Source Files</Filter>
    </ClCompile>
    <ClCompile Include="Videos.cpp">
      <Filter>Source Files</Filter>
    </ClCompile>
    <ClCompile Include="SpeedFixes.cpp">
      <Filter>Source Files</Filter>
    </ClCompile>
  </ItemGroup>
  <ItemGroup>
    <ClInclude Include="Data\textures.h">
      <Filter>Header Files\Levels</Filter>
    </ClInclude>
    <ClInclude Include="DC_Levels.h">
      <Filter>Header Files</Filter>
    </ClInclude>
    <ClInclude Include="stdafx.h">
      <Filter>Header Files</Filter>
    </ClInclude>
    <ClInclude Include="targetver.h">
      <Filter>Header Files</Filter>
    </ClInclude>
    <ClInclude Include="Data\ADV_MR00(StationArea).h">
      <Filter>Header Files\Levels\ADV02MODELS</Filter>
    </ClInclude>
    <ClInclude Include="Data\ADV_MR01(AngelIsland).h">
      <Filter>Header Files\Levels\ADV02MODELS</Filter>
    </ClInclude>
    <ClInclude Include="Data\ADV_MR01_Fixes.h">
      <Filter>Header Files\Levels\ADV02MODELS</Filter>
    </ClInclude>
    <ClInclude Include="Data\ADV_MR02(JungleArea).h">
      <Filter>Header Files\Levels\ADV02MODELS</Filter>
    </ClInclude>
    <ClInclude Include="Data\ADV_MR03(FinalEggEntrance).h">
      <Filter>Header Files\Levels\ADV02MODELS</Filter>
    </ClInclude>
    <ClInclude Include="Data\ADV01_0.h">
      <Filter>Header Files\Levels\ADV01MODELS</Filter>
    </ClInclude>
    <ClInclude Include="Data\ADV01_0_animlist.h">
      <Filter>Header Files\Levels\ADV01MODELS</Filter>
    </ClInclude>
    <ClInclude Include="Data\ADV01_1.h">
      <Filter>Header Files\Levels\ADV01MODELS</Filter>
    </ClInclude>
    <ClInclude Include="Data\ADV01_2.h">
      <Filter>Header Files\Levels\ADV01MODELS</Filter>
    </ClInclude>
    <ClInclude Include="Data\ADV01_3.h">
      <Filter>Header Files\Levels\ADV01MODELS</Filter>
    </ClInclude>
    <ClInclude Include="Data\ADV01_4.h">
      <Filter>Header Files\Levels\ADV01MODELS</Filter>
    </ClInclude>
    <ClInclude Include="Data\ADV01_5.h">
      <Filter>Header Files\Levels\ADV01MODELS</Filter>
    </ClInclude>
    <ClInclude Include="Data\ADV01C_00.h">
      <Filter>Header Files\Levels\ADV01CMODELS</Filter>
    </ClInclude>
    <ClInclude Include="Data\ADV01C_01.h">
      <Filter>Header Files\Levels\ADV01CMODELS</Filter>
    </ClInclude>
    <ClInclude Include="Data\ADV01C_02.h">
      <Filter>Header Files\Levels\ADV01CMODELS</Filter>
    </ClInclude>
    <ClInclude Include="Data\ADV01C_03.h">
      <Filter>Header Files\Levels\ADV01CMODELS</Filter>
    </ClInclude>
    <ClInclude Include="Data\ADV01C_04.h">
      <Filter>Header Files\Levels\ADV01CMODELS</Filter>
    </ClInclude>
    <ClInclude Include="Data\ADV01C_05.h">
      <Filter>Header Files\Levels\ADV01CMODELS</Filter>
    </ClInclude>
    <ClInclude Include="Data\ADV03_00.h">
      <Filter>Header Files\Levels\ADV03MODELS</Filter>
    </ClInclude>
    <ClInclude Include="Data\ADV03_00_PC.h">
      <Filter>Header Files\Levels\ADV03MODELS</Filter>
    </ClInclude>
    <ClInclude Include="Data\ADV03_01.h">
      <Filter>Header Files\Levels\ADV03MODELS</Filter>
    </ClInclude>
    <ClInclude Include="Data\ADV03_02.h">
      <Filter>Header Files\Levels\ADV03MODELS</Filter>
    </ClInclude>
    <ClInclude Include="Data\ADVSS00(CityHall).h">
      <Filter>Header Files\Levels\ADV00MODELS</Filter>
    </ClInclude>
    <ClInclude Include="Data\ADVSS01(CasinoArea).h">
      <Filter>Header Files\Levels\ADV00MODELS</Filter>
    </ClInclude>
    <ClInclude Include="Data\ADVSS02(Sewers).h">
      <Filter>Header Files\Levels\ADV00MODELS</Filter>
    </ClInclude>
    <ClInclude Include="Data\ADVSS03(StationMainArea).h">
      <Filter>Header Files\Levels\ADV00MODELS</Filter>
    </ClInclude>
    <ClInclude Include="Data\ADVSS03Fixes.h">
      <Filter>Header Files\Levels\ADV00MODELS</Filter>
    </ClInclude>
    <ClInclude Include="Data\ADVSS04(Hotel).h">
      <Filter>Header Files\Levels\ADV00MODELS</Filter>
    </ClInclude>
    <ClInclude Include="Data\ADVSS04Collision.h">
      <Filter>Header Files\Levels\ADV00MODELS</Filter>
    </ClInclude>
    <ClInclude Include="Data\ADVSS05(TwinkleParkEntrance).h">
      <Filter>Header Files\Levels\ADV00MODELS</Filter>
    </ClInclude>
    <ClInclude Include="Data\Animals.h">
      <Filter>Header Files\Levels\General</Filter>
    </ClInclude>
    <ClInclude Include="Data\button.h">
      <Filter>Header Files\Levels\ADV02MODELS</Filter>
    </ClInclude>
    <ClInclude Include="Data\Casino_objects.h">
      <Filter>Header Files\Levels\Casinopolis</Filter>
    </ClInclude>
    <ClInclude Include="Data\Casino1.h">
      <Filter>Header Files\Levels\Casinopolis</Filter>
    </ClInclude>
    <ClInclude Include="Data\Casino2.h">
      <Filter>Header Files\Levels\Casinopolis</Filter>
    </ClInclude>
    <ClInclude Include="Data\Casino3.h">
      <Filter>Header Files\Levels\Casinopolis</Filter>
    </ClInclude>
    <ClInclude Include="Data\Casino4.h">
      <Filter>Header Files\Levels\Casinopolis</Filter>
    </ClInclude>
    <ClInclude Include="Data\ChaoObjects.h">
      <Filter>Header Files\Levels\Chao</Filter>
    </ClInclude>
    <ClInclude Include="Data\ChaoRace.h">
      <Filter>Header Files\Levels\Chao</Filter>
    </ClInclude>
    <ClInclude Include="Data\ChaoRaceEntry.h">
      <Filter>Header Files\Levels\Chao</Filter>
    </ClInclude>
    <ClInclude Include="Data\Chaos0_helicopter.h">
      <Filter>Header Files\Levels\Bosses</Filter>
    </ClInclude>
    <ClInclude Include="Data\Chaos0_Landtable.h">
      <Filter>Header Files\Levels\Bosses</Filter>
    </ClInclude>
    <ClInclude Include="Data\Chaos0_Model.h">
      <Filter>Header Files\Levels\Bosses</Filter>
    </ClInclude>
    <ClInclude Include="Data\Chaos0_policecar.h">
      <Filter>Header Files\Levels\Bosses</Filter>
    </ClInclude>
    <ClInclude Include="Data\Chaos2.h">
      <Filter>Header Files\Levels\Bosses</Filter>
    </ClInclude>
    <ClInclude Include="Data\Chaos2_PC.h">
      <Filter>Header Files\Levels\Bosses</Filter>
    </ClInclude>
    <ClInclude Include="Data\Chaos4.h">
      <Filter>Header Files\Levels\Bosses</Filter>
    </ClInclude>
    <ClInclude Include="Data\Chaos4_water.h">
      <Filter>Header Files\Levels\Bosses</Filter>
    </ClInclude>
    <ClInclude Include="Data\Chaos6_Act1.h">
      <Filter>Header Files\Levels\Bosses</Filter>
    </ClInclude>
    <ClInclude Include="Data\Chaos6_Act1_PC.h">
      <Filter>Header Files\Levels\Bosses</Filter>
    </ClInclude>
    <ClInclude Include="Data\Chaos6_Act2.h">
      <Filter>Header Files\Levels\Bosses</Filter>
    </ClInclude>
    <ClInclude Include="Data\Chaos6_models.h">
      <Filter>Header Files\Levels\Bosses</Filter>
    </ClInclude>
    <ClInclude Include="Data\Chaos7.h">
      <Filter>Header Files\Levels\Bosses</Filter>
    </ClInclude>
    <ClInclude Include="Data\Chaos7_fixes.h">
      <Filter>Header Files\Levels\Bosses</Filter>
    </ClInclude>
    <ClInclude Include="Data\Chaos7_PC.h">
      <Filter>Header Files\Levels\Bosses</Filter>
    </ClInclude>
    <ClInclude Include="Data\CommonObjects.h">
      <Filter>Header Files\Levels\General</Filter>
    </ClInclude>
    <ClInclude Include="Data\CharacterEffects.h">
      <Filter>Header Files\Levels\General</Filter>
    </ClInclude>
    <ClInclude Include="Data\Buyon.h">
      <Filter>Header Files\Levels\TwinklePark</Filter>
    </ClInclude>
    <ClInclude Include="Data\Cowgirl.h">
      <Filter>Header Files\Levels\Casinopolis</Filter>
    </ClInclude>
    <ClInclude Include="Data\E101.h">
      <Filter>Header Files\Levels\Bosses</Filter>
    </ClInclude>
    <ClInclude Include="Data\E101Kai_Model.h">
      <Filter>Header Files\Levels\Bosses</Filter>
    </ClInclude>
    <ClInclude Include="Data\E101R.h">
      <Filter>Header Files\Levels\Bosses</Filter>
    </ClInclude>
    <ClInclude Include="Data\EC_Tornado.h">
      <Filter>Header Files\Levels\ADV01MODELS</Filter>
    </ClInclude>
    <ClInclude Include="Data\EC_Transform.h">
      <Filter>Header Files\Levels\ADV01MODELS</Filter>
    </ClInclude>
    <ClInclude Include="Data\EggCarrier_Objects.h">
      <Filter>Header Files\Levels\ADV01MODELS</Filter>
    </ClInclude>
    <ClInclude Include="Data\EggHornet.h">
      <Filter>Header Files\Levels\Bosses</Filter>
    </ClInclude>
    <ClInclude Include="Data\EggHornet_Model.h">
      <Filter>Header Files\Levels\Bosses</Filter>
    </ClInclude>
    <ClInclude Include="Data\EggmobileNPC.h">
      <Filter>Header Files\Levels\Bosses</Filter>
    </ClInclude>
    <ClInclude Include="Data\EggViper.h">
      <Filter>Header Files\Levels\Bosses</Filter>
    </ClInclude>
    <ClInclude Include="Data\EggWalker.h">
      <Filter>Header Files\Levels\Bosses</Filter>
    </ClInclude>
    <ClInclude Include="Data\EmeraldCoast_Objects.h">
      <Filter>Header Files\Levels\EmeraldCoast</Filter>
    </ClInclude>
    <ClInclude Include="Data\EmeraldCoast1.h">
      <Filter>Header Files\Levels\EmeraldCoast</Filter>
    </ClInclude>
    <ClInclude Include="Data\EmeraldCoast1_PC.h">
      <Filter>Header Files\Levels\EmeraldCoast</Filter>
    </ClInclude>
    <ClInclude Include="Data\EmeraldCoast2.h">
      <Filter>Header Files\Levels\EmeraldCoast</Filter>
    </ClInclude>
    <ClInclude Include="Data\EmeraldCoast3.h">
      <Filter>Header Files\Levels\EmeraldCoast</Filter>
    </ClInclude>
    <ClInclude Include="Data\EmeraldGlow.h">
      <Filter>Header Files\Levels\General</Filter>
    </ClInclude>
    <ClInclude Include="Data\FinalEgg_objects.h">
      <Filter>Header Files\Levels\FinalEgg</Filter>
    </ClInclude>
    <ClInclude Include="Data\FinalEgg1.h">
      <Filter>Header Files\Levels\FinalEgg</Filter>
    </ClInclude>
    <ClInclude Include="Data\FinalEgg2.h">
      <Filter>Header Files\Levels\FinalEgg</Filter>
    </ClInclude>
    <ClInclude Include="Data\FinalEgg3.h">
      <Filter>Header Files\Levels\FinalEgg</Filter>
    </ClInclude>
    <ClInclude Include="Data\ERobo.h">
      <Filter>Header Files\Levels\Bosses</Filter>
    </ClInclude>
    <ClInclude Include="Data\Fountain.h">
      <Filter>Header Files\Levels\Chao</Filter>
    </ClInclude>
    <ClInclude Include="Data\Grass.h">
      <Filter>Header Files\Levels\ADV02MODELS</Filter>
    </ClInclude>
    <ClInclude Include="Data\Highway_objects.h">
      <Filter>Header Files\Levels\SpeedHighway</Filter>
    </ClInclude>
    <ClInclude Include="Data\Highway1.h">
      <Filter>Header Files\Levels\SpeedHighway</Filter>
    </ClInclude>
    <ClInclude Include="Data\Highway2 Fixes.h">
      <Filter>Header Files\Levels\SpeedHighway</Filter>
    </ClInclude>
    <ClInclude Include="Data\Highway2.h">
      <Filter>Header Files\Levels\SpeedHighway</Filter>
    </ClInclude>
    <ClInclude Include="Data\Highway3.h">
      <Filter>Header Files\Levels\SpeedHighway</Filter>
    </ClInclude>
    <ClInclude Include="Data\HintMessages.h">
      <Filter>Header Files\Levels\Chao</Filter>
    </ClInclude>
    <ClInclude Include="Data\HotShelter_Objects.h">
      <Filter>Header Files\Levels\HotShelter</Filter>
    </ClInclude>
    <ClInclude Include="Data\HotShelter1.h">
      <Filter>Header Files\Levels\HotShelter</Filter>
    </ClInclude>
    <ClInclude Include="Data\HotShelter2.h">
      <Filter>Header Files\Levels\HotShelter</Filter>
    </ClInclude>
    <ClInclude Include="Data\HotShelter3.h">
      <Filter>Header Files\Levels\HotShelter</Filter>
    </ClInclude>
    <ClInclude Include="Data\HW_Jammer.h">
      <Filter>Header Files\Levels\SpeedHighway</Filter>
    </ClInclude>
    <ClInclude Include="Data\IceCap1.h">
      <Filter>Header Files\Levels\IceCap</Filter>
    </ClInclude>
    <ClInclude Include="Data\IceCap2.h">
      <Filter>Header Files\Levels\IceCap</Filter>
    </ClInclude>
    <ClInclude Include="Data\IceCap3.h">
      <Filter>Header Files\Levels\IceCap</Filter>
    </ClInclude>
    <ClInclude Include="Data\IceCap4.h">
      <Filter>Header Files\Levels\IceCap</Filter>
    </ClInclude>
    <ClInclude Include="Data\IceCap4_PC.h">
      <Filter>Header Files\Levels\IceCap</Filter>
    </ClInclude>
    <ClInclude Include="Data\Icicle.h">
      <Filter>Header Files\Levels\IceCap</Filter>
    </ClInclude>
    <ClInclude Include="Data\LightingArrays.h">
      <Filter>Header Files\Levels\Bosses</Filter>
    </ClInclude>
    <ClInclude Include="Data\SH_bluecar.h">
      <Filter>Header Files\Levels\SpeedHighway</Filter>
    </ClInclude>
    <ClInclude Include="Data\SH_bus.h">
      <Filter>Header Files\Levels\SpeedHighway</Filter>
    </ClInclude>
    <ClInclude Include="Data\SH_Glass.h">
      <Filter>Header Files\Levels\SpeedHighway</Filter>
    </ClInclude>
    <ClInclude Include="Data\SH_helicopter.h">
      <Filter>Header Files\Levels\SpeedHighway</Filter>
    </ClInclude>
    <ClInclude Include="Data\SH_redcar.h">
      <Filter>Header Files\Levels\SpeedHighway</Filter>
    </ClInclude>
    <ClInclude Include="Data\SH_turnasi.h">
      <Filter>Header Files\Levels\SpeedHighway</Filter>
    </ClInclude>
    <ClInclude Include="Data\SH_yellowcar.h">
      <Filter>Header Files\Levels\SpeedHighway</Filter>
    </ClInclude>
    <ClInclude Include="Data\MasterEmerald.h">
      <Filter>Header Files\Levels\ADV02MODELS</Filter>
    </ClInclude>
    <ClInclude Include="Data\LostWorld_objects.h">
      <Filter>Header Files\Levels\LostWorld</Filter>
    </ClInclude>
    <ClInclude Include="Data\LostWorld1.h">
      <Filter>Header Files\Levels\LostWorld</Filter>
    </ClInclude>
    <ClInclude Include="Data\LostWorld2.h">
      <Filter>Header Files\Levels\LostWorld</Filter>
    </ClInclude>
    <ClInclude Include="Data\LostWorld3.h">
      <Filter>Header Files\Levels\LostWorld</Filter>
    </ClInclude>
    <ClInclude Include="Data\LostWorld3_PC.h">
      <Filter>Header Files\Levels\LostWorld</Filter>
    </ClInclude>
    <ClInclude Include="Data\Mountain1.h">
      <Filter>Header Files\Levels\RedMountain</Filter>
    </ClInclude>
    <ClInclude Include="Data\Mountain2.h">
      <Filter>Header Files\Levels\RedMountain</Filter>
    </ClInclude>
    <ClInclude Include="Data\Mountain3.h">
      <Filter>Header Files\Levels\RedMountain</Filter>
    </ClInclude>
    <ClInclude Include="Data\MR_IceCapDoor.h">
      <Filter>Header Files\Levels\ADV02MODELS</Filter>
    </ClInclude>
    <ClInclude Include="Data\MR_Objects.h">
      <Filter>Header Files\Levels\ADV02MODELS</Filter>
    </ClInclude>
    <ClInclude Include="Data\MR_Palms.h">
      <Filter>Header Files\Levels\ADV02MODELS</Filter>
    </ClInclude>
    <ClInclude Include="Data\MR_Rock.h">
      <Filter>Header Files\Levels\ADV02MODELS</Filter>
    </ClInclude>
    <ClInclude Include="Data\MR_train.h">
      <Filter>Header Files\Levels\ADV02MODELS</Filter>
    </ClInclude>
    <ClInclude Include="Data\MRGarden.h">
      <Filter>Header Files\Levels\Chao</Filter>
    </ClInclude>
    <ClInclude Include="Data\Objects_Windy.h">
      <Filter>Header Files\Levels\WindyValley</Filter>
    </ClInclude>
    <ClInclude Include="Data\OFinalEgg.h">
      <Filter>Header Files\Levels\ADV02MODELS</Filter>
    </ClInclude>
    <ClInclude Include="Data\OLmpa.h">
      <Filter>Header Files\Levels\SpeedHighway</Filter>
    </ClInclude>
    <ClInclude Include="Data\Palm.h">
      <Filter>Header Files\Levels\ADV03MODELS</Filter>
    </ClInclude>
    <ClInclude Include="Data\Past_objects.h">
      <Filter>Header Files\Levels\ADV03MODELS</Filter>
    </ClInclude>
    <ClInclude Include="Data\Ripple.h">
      <Filter>Header Files\Levels\General</Filter>
    </ClInclude>
    <ClInclude Include="Data\RM_Objects.h">
      <Filter>Header Files\Levels\RedMountain</Filter>
    </ClInclude>
    <ClInclude Include="Data\SandHill.h">
      <Filter>Header Files\Levels\Subgames</Filter>
    </ClInclude>
    <ClInclude Include="Data\SkyChaseModels.h">
      <Filter>Header Files\Levels\Subgames</Filter>
    </ClInclude>
    <ClInclude Include="Data\SkyDeck_objects.h">
      <Filter>Header Files\Levels\SkyDeck</Filter>
    </ClInclude>
    <ClInclude Include="Data\SkyDeck1.h">
      <Filter>Header Files\Levels\SkyDeck</Filter>
    </ClInclude>
    <ClInclude Include="Data\SkyDeck2.h">
      <Filter>Header Files\Levels\SkyDeck</Filter>
    </ClInclude>
    <ClInclude Include="Data\SkyDeck3.h">
      <Filter>Header Files\Levels\SkyDeck</Filter>
    </ClInclude>
    <ClInclude Include="Data\SkyDeck3_Fixes.h">
      <Filter>Header Files\Levels\SkyDeck</Filter>
    </ClInclude>
    <ClInclude Include="Data\SS_Objects.h">
      <Filter>Header Files\Levels\ADV00MODELS</Filter>
    </ClInclude>
    <ClInclude Include="Data\SSGarden.h">
      <Filter>Header Files\Levels\Chao</Filter>
    </ClInclude>
    <ClInclude Include="Data\Tanken.h">
      <Filter>Header Files\Levels\ADV02MODELS</Filter>
    </ClInclude>
    <ClInclude Include="Data\Tanken2.h">
      <Filter>Header Files\Levels\ADV02MODELS</Filter>
    </ClInclude>
    <ClInclude Include="Data\Tanken3.h">
      <Filter>Header Files\Levels\ADV02MODELS</Filter>
    </ClInclude>
    <ClInclude Include="Data\Twinkle1.h">
      <Filter>Header Files\Levels\TwinklePark</Filter>
    </ClInclude>
    <ClInclude Include="Data\Twinkle2.h">
      <Filter>Header Files\Levels\TwinklePark</Filter>
    </ClInclude>
    <ClInclude Include="Data\Twinkle3.h">
      <Filter>Header Files\Levels\TwinklePark</Filter>
    </ClInclude>
    <ClInclude Include="Data\Twinkle3_Trans.h">
      <Filter>Header Files\Levels\TwinklePark</Filter>
    </ClInclude>
    <ClInclude Include="Data\TwinkleCircuit.h">
      <Filter>Header Files\Levels\TwinklePark</Filter>
    </ClInclude>
    <ClInclude Include="Data\TwinklePark_objects.h">
      <Filter>Header Files\Levels\TwinklePark</Filter>
    </ClInclude>
    <ClInclude Include="Data\windy1.h">
      <Filter>Header Files\Levels\WindyValley</Filter>
    </ClInclude>
    <ClInclude Include="Data\windy2.h">
      <Filter>Header Files\Levels\WindyValley</Filter>
    </ClInclude>
    <ClInclude Include="Data\windy3.h">
      <Filter>Header Files\Levels\WindyValley</Filter>
    </ClInclude>
    <ClInclude Include="Data\Zero.h">
      <Filter>Header Files\Levels\Bosses</Filter>
    </ClInclude>
    <ClInclude Include="Data\TornadoCrash.h">
      <Filter>Header Files\Levels\ADV02MODELS</Filter>
    </ClInclude>
    <ClInclude Include="OStandLight.h">
      <Filter>Header Files\Levels\FinalEgg</Filter>
    </ClInclude>
    <ClInclude Include="Data\ECGarden.h">
      <Filter>Header Files\Levels\Chao</Filter>
    </ClInclude>
    <ClInclude Include="Frogs.h">
      <Filter>Header Files\Levels\General</Filter>
    </ClInclude>
    <ClInclude Include="ChaoFruits.h">
      <Filter>Header Files\Levels\Chao</Filter>
    </ClInclude>
  </ItemGroup>
</Project>