
Microsoft Visual Studio Solution File, Format Version 12.00
# Visual Studio 15
VisualStudioVersion = 15.0.27130.2026
MinimumVisualStudioVersion = 10.0.40219.1
Project("{8BC9CEB8-8B4A-11D0-8D11-00A0C91BC942}") = "DCMods_Main", "DCMods_Main\DCMods_Main.vcxproj", "{20722887-443C-45BE-AD68-2DCF8962527D}"
EndProject
Project("{8BC9CEB8-8B4A-11D0-8D11-00A0C91BC942}") = "SoundOverhaul", "..\SoundOverhaul\SoundOverhaul\SoundOverhaul.vcxproj", "{EB53BD35-68E0-4141-BA15-C3C58226B46E}"
EndProject
Project("{8BC9CEB8-8B4A-11D0-8D11-00A0C91BC942}") = "TrainDaytime", "..\TrainDaytime\TrainDaytime\TrainDaytime.vcxproj", "{392AE35A-F746-421C-9566-E3ABBA9EECA0}"
EndProject
Project("{8BC9CEB8-8B4A-11D0-8D11-00A0C91BC942}") = "WaterEffect", "..\WaterEffect\WaterEffect.vcxproj", "{A9ABF1CE-1C33-4AE0-9812-69DFB47481E5}"
EndProject
Project("{8BC9CEB8-8B4A-11D0-8D11-00A0C91BC942}") = "HD_GUI", "..\HD_GUI\HD_GUI.vcxproj", "{166D0676-BFF0-4F96-99A6-192FFC5F38CF}"
EndProject
Project("{8BC9CEB8-8B4A-11D0-8D11-00A0C91BC942}") = "ModLoaderCommon", "..\mod-loader-common\ModLoaderCommon\ModLoaderCommon.vcxproj", "{EC0293F5-4BCF-46B2-8133-18CAEA141C5B}"
EndProject
Project("{8BC9CEB8-8B4A-11D0-8D11-00A0C91BC942}") = "DLC_SambaGP", "..\DLC_SambaGP\DLC_SambaGP.vcxproj", "{9470DBEE-6F72-4EB4-94D4-77DA51B90503}"
EndProject
Project("{8BC9CEB8-8B4A-11D0-8D11-00A0C91BC942}") = "DLC_Y2K", "..\DLC_Y2K\DLC_Y2K.vcxproj", "{259CB435-38B2-4F78-A400-3BA5B420B055}"
EndProject
Project("{8BC9CEB8-8B4A-11D0-8D11-00A0C91BC942}") = "DLC_LaunchParty", "..\DLC_LaunchParty\DLC_LaunchParty.vcxproj", "{0D05F7F6-AD18-45C9-AE7C-56C84D2E6121}"
EndProject
Project("{8BC9CEB8-8B4A-11D0-8D11-00A0C91BC942}") = "DLC_Famitsu", "..\DLC_Famitsu\DLC_Famitsu.vcxproj", "{252DEB73-9C3F-4EC4-BD30-65F750C24629}"
EndProject
Project("{8BC9CEB8-8B4A-11D0-8D11-00A0C91BC942}") = "DLC_QUO", "..\DLC_QUO\DLC_QUO.vcxproj", "{079E7F35-7D9E-44CF-A32A-718E9633D0CF}"
EndProject
Project("{8BC9CEB8-8B4A-11D0-8D11-00A0C91BC942}") = "DLC_Reebok", "..\DLC_Reebok\DLC_Reebok.vcxproj", "{F66A67E3-C452-4B47-8344-EECD12D9DB22}"
EndProject
Project("{8BC9CEB8-8B4A-11D0-8D11-00A0C91BC942}") = "DLC_ATT", "..\DLC_ATT\DLC_ATT.vcxproj", "{9D83905B-E41C-4C3E-A298-DBB3A4915081}"
EndProject
Project("{8BC9CEB8-8B4A-11D0-8D11-00A0C91BC942}") = "DLC_Halloween", "..\DLC_Halloween\DLC_Halloween.vcxproj", "{38F82008-E6AE-4861-87AD-26B8C8CAB8AB}"
EndProject
Project("{8BC9CEB8-8B4A-11D0-8D11-00A0C91BC942}") = "DLC_Christmas99", "..\DLC_Christmas99\DLC_Christmas99.vcxproj", "{F4129C6F-157F-40BC-B75A-2EFAD4A27F75}"
EndProject
Project("{8BC9CEB8-8B4A-11D0-8D11-00A0C91BC942}") = "DLC_Christmas98", "..\DLC_Christmas98\DLC_Christmas98.vcxproj", "{69DFC6AE-16F5-4EE8-9BAB-7D310E56B600}"
EndProject
Project("{8BC9CEB8-8B4A-11D0-8D11-00A0C91BC942}") = "MR_FinalEggFix", "..\MR_FinalEggFix\MR_FinalEggFix.vcxproj", "{DE5ABF59-8328-46C2-B943-E59DA49BA153}"
EndProject
Global
	GlobalSection(SolutionConfigurationPlatforms) = preSolution
		Debug|x64 = Debug|x64
		Debug|x86 = Debug|x86
		Release|x64 = Release|x64
		Release|x86 = Release|x86
	EndGlobalSection
	GlobalSection(ProjectConfigurationPlatforms) = postSolution
		{20722887-443C-45BE-AD68-2DCF8962527D}.Debug|x64.ActiveCfg = Debug|x64
		{20722887-443C-45BE-AD68-2DCF8962527D}.Debug|x64.Build.0 = Debug|x64
		{20722887-443C-45BE-AD68-2DCF8962527D}.Debug|x86.ActiveCfg = Debug|Win32
		{20722887-443C-45BE-AD68-2DCF8962527D}.Debug|x86.Build.0 = Debug|Win32
		{20722887-443C-45BE-AD68-2DCF8962527D}.Release|x64.ActiveCfg = Release|x64
		{20722887-443C-45BE-AD68-2DCF8962527D}.Release|x64.Build.0 = Release|x64
		{20722887-443C-45BE-AD68-2DCF8962527D}.Release|x86.ActiveCfg = Release|Win32
		{20722887-443C-45BE-AD68-2DCF8962527D}.Release|x86.Build.0 = Release|Win32
		{EB53BD35-68E0-4141-BA15-C3C58226B46E}.Debug|x64.ActiveCfg = Debug|Win32
		{EB53BD35-68E0-4141-BA15-C3C58226B46E}.Debug|x86.ActiveCfg = Debug|Win32
		{EB53BD35-68E0-4141-BA15-C3C58226B46E}.Debug|x86.Build.0 = Debug|Win32
		{EB53BD35-68E0-4141-BA15-C3C58226B46E}.Release|x64.ActiveCfg = Release|Win32
		{EB53BD35-68E0-4141-BA15-C3C58226B46E}.Release|x86.ActiveCfg = Release|Win32
		{EB53BD35-68E0-4141-BA15-C3C58226B46E}.Release|x86.Build.0 = Release|Win32
		{392AE35A-F746-421C-9566-E3ABBA9EECA0}.Debug|x64.ActiveCfg = Debug|Win32
		{392AE35A-F746-421C-9566-E3ABBA9EECA0}.Debug|x86.ActiveCfg = Debug|Win32
		{392AE35A-F746-421C-9566-E3ABBA9EECA0}.Debug|x86.Build.0 = Debug|Win32
		{392AE35A-F746-421C-9566-E3ABBA9EECA0}.Release|x64.ActiveCfg = Release|Win32
		{392AE35A-F746-421C-9566-E3ABBA9EECA0}.Release|x86.ActiveCfg = Release|Win32
		{392AE35A-F746-421C-9566-E3ABBA9EECA0}.Release|x86.Build.0 = Release|Win32
		{A9ABF1CE-1C33-4AE0-9812-69DFB47481E5}.Debug|x64.ActiveCfg = Debug|x64
		{A9ABF1CE-1C33-4AE0-9812-69DFB47481E5}.Debug|x64.Build.0 = Debug|x64
		{A9ABF1CE-1C33-4AE0-9812-69DFB47481E5}.Debug|x86.ActiveCfg = Debug|Win32
		{A9ABF1CE-1C33-4AE0-9812-69DFB47481E5}.Debug|x86.Build.0 = Debug|Win32
		{A9ABF1CE-1C33-4AE0-9812-69DFB47481E5}.Release|x64.ActiveCfg = Release|x64
		{A9ABF1CE-1C33-4AE0-9812-69DFB47481E5}.Release|x64.Build.0 = Release|x64
		{A9ABF1CE-1C33-4AE0-9812-69DFB47481E5}.Release|x86.ActiveCfg = Release|Win32
		{A9ABF1CE-1C33-4AE0-9812-69DFB47481E5}.Release|x86.Build.0 = Release|Win32
		{166D0676-BFF0-4F96-99A6-192FFC5F38CF}.Debug|x64.ActiveCfg = Debug|x64
		{166D0676-BFF0-4F96-99A6-192FFC5F38CF}.Debug|x64.Build.0 = Debug|x64
		{166D0676-BFF0-4F96-99A6-192FFC5F38CF}.Debug|x86.ActiveCfg = Debug|Win32
		{166D0676-BFF0-4F96-99A6-192FFC5F38CF}.Debug|x86.Build.0 = Debug|Win32
		{166D0676-BFF0-4F96-99A6-192FFC5F38CF}.Release|x64.ActiveCfg = Release|x64
		{166D0676-BFF0-4F96-99A6-192FFC5F38CF}.Release|x64.Build.0 = Release|x64
		{166D0676-BFF0-4F96-99A6-192FFC5F38CF}.Release|x86.ActiveCfg = Release|Win32
		{166D0676-BFF0-4F96-99A6-192FFC5F38CF}.Release|x86.Build.0 = Release|Win32
		{EC0293F5-4BCF-46B2-8133-18CAEA141C5B}.Debug|x64.ActiveCfg = Debug|Win32
		{EC0293F5-4BCF-46B2-8133-18CAEA141C5B}.Debug|x86.ActiveCfg = Debug|Win32
		{EC0293F5-4BCF-46B2-8133-18CAEA141C5B}.Debug|x86.Build.0 = Debug|Win32
		{EC0293F5-4BCF-46B2-8133-18CAEA141C5B}.Release|x64.ActiveCfg = Release|Win32
		{EC0293F5-4BCF-46B2-8133-18CAEA141C5B}.Release|x86.ActiveCfg = Release|Win32
		{EC0293F5-4BCF-46B2-8133-18CAEA141C5B}.Release|x86.Build.0 = Release|Win32
		{9470DBEE-6F72-4EB4-94D4-77DA51B90503}.Debug|x64.ActiveCfg = Debug|x64
		{9470DBEE-6F72-4EB4-94D4-77DA51B90503}.Debug|x64.Build.0 = Debug|x64
		{9470DBEE-6F72-4EB4-94D4-77DA51B90503}.Debug|x86.ActiveCfg = Debug|Win32
		{9470DBEE-6F72-4EB4-94D4-77DA51B90503}.Debug|x86.Build.0 = Debug|Win32
		{9470DBEE-6F72-4EB4-94D4-77DA51B90503}.Release|x64.ActiveCfg = Release|x64
		{9470DBEE-6F72-4EB4-94D4-77DA51B90503}.Release|x64.Build.0 = Release|x64
		{9470DBEE-6F72-4EB4-94D4-77DA51B90503}.Release|x86.ActiveCfg = Release|Win32
		{9470DBEE-6F72-4EB4-94D4-77DA51B90503}.Release|x86.Build.0 = Release|Win32
		{259CB435-38B2-4F78-A400-3BA5B420B055}.Debug|x64.ActiveCfg = Debug|x64
		{259CB435-38B2-4F78-A400-3BA5B420B055}.Debug|x64.Build.0 = Debug|x64
		{259CB435-38B2-4F78-A400-3BA5B420B055}.Debug|x86.ActiveCfg = Debug|Win32
		{259CB435-38B2-4F78-A400-3BA5B420B055}.Debug|x86.Build.0 = Debug|Win32
		{259CB435-38B2-4F78-A400-3BA5B420B055}.Release|x64.ActiveCfg = Release|x64
		{259CB435-38B2-4F78-A400-3BA5B420B055}.Release|x64.Build.0 = Release|x64
		{259CB435-38B2-4F78-A400-3BA5B420B055}.Release|x86.ActiveCfg = Release|Win32
		{259CB435-38B2-4F78-A400-3BA5B420B055}.Release|x86.Build.0 = Release|Win32
		{0D05F7F6-AD18-45C9-AE7C-56C84D2E6121}.Debug|x64.ActiveCfg = Debug|x64
		{0D05F7F6-AD18-45C9-AE7C-56C84D2E6121}.Debug|x64.Build.0 = Debug|x64
		{0D05F7F6-AD18-45C9-AE7C-56C84D2E6121}.Debug|x86.ActiveCfg = Debug|Win32
		{0D05F7F6-AD18-45C9-AE7C-56C84D2E6121}.Debug|x86.Build.0 = Debug|Win32
		{0D05F7F6-AD18-45C9-AE7C-56C84D2E6121}.Release|x64.ActiveCfg = Release|x64
		{0D05F7F6-AD18-45C9-AE7C-56C84D2E6121}.Release|x64.Build.0 = Release|x64
		{0D05F7F6-AD18-45C9-AE7C-56C84D2E6121}.Release|x86.ActiveCfg = Release|Win32
		{0D05F7F6-AD18-45C9-AE7C-56C84D2E6121}.Release|x86.Build.0 = Release|Win32
		{252DEB73-9C3F-4EC4-BD30-65F750C24629}.Debug|x64.ActiveCfg = Debug|x64
		{252DEB73-9C3F-4EC4-BD30-65F750C24629}.Debug|x64.Build.0 = Debug|x64
		{252DEB73-9C3F-4EC4-BD30-65F750C24629}.Debug|x86.ActiveCfg = Debug|Win32
		{252DEB73-9C3F-4EC4-BD30-65F750C24629}.Debug|x86.Build.0 = Debug|Win32
		{252DEB73-9C3F-4EC4-BD30-65F750C24629}.Release|x64.ActiveCfg = Release|x64
		{252DEB73-9C3F-4EC4-BD30-65F750C24629}.Release|x64.Build.0 = Release|x64
		{252DEB73-9C3F-4EC4-BD30-65F750C24629}.Release|x86.ActiveCfg = Release|Win32
		{252DEB73-9C3F-4EC4-BD30-65F750C24629}.Release|x86.Build.0 = Release|Win32
		{079E7F35-7D9E-44CF-A32A-718E9633D0CF}.Debug|x64.ActiveCfg = Debug|x64
		{079E7F35-7D9E-44CF-A32A-718E9633D0CF}.Debug|x64.Build.0 = Debug|x64
		{079E7F35-7D9E-44CF-A32A-718E9633D0CF}.Debug|x86.ActiveCfg = Debug|Win32
		{079E7F35-7D9E-44CF-A32A-718E9633D0CF}.Debug|x86.Build.0 = Debug|Win32
		{079E7F35-7D9E-44CF-A32A-718E9633D0CF}.Release|x64.ActiveCfg = Release|x64
		{079E7F35-7D9E-44CF-A32A-718E9633D0CF}.Release|x64.Build.0 = Release|x64
		{079E7F35-7D9E-44CF-A32A-718E9633D0CF}.Release|x86.ActiveCfg = Release|Win32
		{079E7F35-7D9E-44CF-A32A-718E9633D0CF}.Release|x86.Build.0 = Release|Win32
		{F66A67E3-C452-4B47-8344-EECD12D9DB22}.Debug|x64.ActiveCfg = Debug|x64
		{F66A67E3-C452-4B47-8344-EECD12D9DB22}.Debug|x64.Build.0 = Debug|x64
		{F66A67E3-C452-4B47-8344-EECD12D9DB22}.Debug|x86.ActiveCfg = Debug|Win32
		{F66A67E3-C452-4B47-8344-EECD12D9DB22}.Debug|x86.Build.0 = Debug|Win32
		{F66A67E3-C452-4B47-8344-EECD12D9DB22}.Release|x64.ActiveCfg = Release|x64
		{F66A67E3-C452-4B47-8344-EECD12D9DB22}.Release|x64.Build.0 = Release|x64
		{F66A67E3-C452-4B47-8344-EECD12D9DB22}.Release|x86.ActiveCfg = Release|Win32
		{F66A67E3-C452-4B47-8344-EECD12D9DB22}.Release|x86.Build.0 = Release|Win32
		{9D83905B-E41C-4C3E-A298-DBB3A4915081}.Debug|x64.ActiveCfg = Debug|x64
		{9D83905B-E41C-4C3E-A298-DBB3A4915081}.Debug|x64.Build.0 = Debug|x64
		{9D83905B-E41C-4C3E-A298-DBB3A4915081}.Debug|x86.ActiveCfg = Debug|Win32
		{9D83905B-E41C-4C3E-A298-DBB3A4915081}.Debug|x86.Build.0 = Debug|Win32
		{9D83905B-E41C-4C3E-A298-DBB3A4915081}.Release|x64.ActiveCfg = Release|x64
		{9D83905B-E41C-4C3E-A298-DBB3A4915081}.Release|x64.Build.0 = Release|x64
		{9D83905B-E41C-4C3E-A298-DBB3A4915081}.Release|x86.ActiveCfg = Release|Win32
		{9D83905B-E41C-4C3E-A298-DBB3A4915081}.Release|x86.Build.0 = Release|Win32
		{38F82008-E6AE-4861-87AD-26B8C8CAB8AB}.Debug|x64.ActiveCfg = Debug|x64
		{38F82008-E6AE-4861-87AD-26B8C8CAB8AB}.Debug|x64.Build.0 = Debug|x64
		{38F82008-E6AE-4861-87AD-26B8C8CAB8AB}.Debug|x86.ActiveCfg = Debug|Win32
		{38F82008-E6AE-4861-87AD-26B8C8CAB8AB}.Debug|x86.Build.0 = Debug|Win32
		{38F82008-E6AE-4861-87AD-26B8C8CAB8AB}.Release|x64.ActiveCfg = Release|x64
		{38F82008-E6AE-4861-87AD-26B8C8CAB8AB}.Release|x64.Build.0 = Release|x64
		{38F82008-E6AE-4861-87AD-26B8C8CAB8AB}.Release|x86.ActiveCfg = Release|Win32
		{38F82008-E6AE-4861-87AD-26B8C8CAB8AB}.Release|x86.Build.0 = Release|Win32
		{F4129C6F-157F-40BC-B75A-2EFAD4A27F75}.Debug|x64.ActiveCfg = Debug|x64
		{F4129C6F-157F-40BC-B75A-2EFAD4A27F75}.Debug|x64.Build.0 = Debug|x64
		{F4129C6F-157F-40BC-B75A-2EFAD4A27F75}.Debug|x86.ActiveCfg = Debug|Win32
		{F4129C6F-157F-40BC-B75A-2EFAD4A27F75}.Debug|x86.Build.0 = Debug|Win32
		{F4129C6F-157F-40BC-B75A-2EFAD4A27F75}.Release|x64.ActiveCfg = Release|x64
		{F4129C6F-157F-40BC-B75A-2EFAD4A27F75}.Release|x64.Build.0 = Release|x64
		{F4129C6F-157F-40BC-B75A-2EFAD4A27F75}.Release|x86.ActiveCfg = Release|Win32
		{F4129C6F-157F-40BC-B75A-2EFAD4A27F75}.Release|x86.Build.0 = Release|Win32
		{69DFC6AE-16F5-4EE8-9BAB-7D310E56B600}.Debug|x64.ActiveCfg = Debug|x64
		{69DFC6AE-16F5-4EE8-9BAB-7D310E56B600}.Debug|x64.Build.0 = Debug|x64
		{69DFC6AE-16F5-4EE8-9BAB-7D310E56B600}.Debug|x86.ActiveCfg = Debug|Win32
		{69DFC6AE-16F5-4EE8-9BAB-7D310E56B600}.Debug|x86.Build.0 = Debug|Win32
		{69DFC6AE-16F5-4EE8-9BAB-7D310E56B600}.Release|x64.ActiveCfg = Release|x64
		{69DFC6AE-16F5-4EE8-9BAB-7D310E56B600}.Release|x64.Build.0 = Release|x64
		{69DFC6AE-16F5-4EE8-9BAB-7D310E56B600}.Release|x86.ActiveCfg = Release|Win32
		{69DFC6AE-16F5-4EE8-9BAB-7D310E56B600}.Release|x86.Build.0 = Release|Win32
		{DE5ABF59-8328-46C2-B943-E59DA49BA153}.Debug|x64.ActiveCfg = Debug|x64
		{DE5ABF59-8328-46C2-B943-E59DA49BA153}.Debug|x64.Build.0 = Debug|x64
		{DE5ABF59-8328-46C2-B943-E59DA49BA153}.Debug|x86.ActiveCfg = Debug|Win32
		{DE5ABF59-8328-46C2-B943-E59DA49BA153}.Debug|x86.Build.0 = Debug|Win32
		{DE5ABF59-8328-46C2-B943-E59DA49BA153}.Release|x64.ActiveCfg = Release|x64
		{DE5ABF59-8328-46C2-B943-E59DA49BA153}.Release|x64.Build.0 = Release|x64
		{DE5ABF59-8328-46C2-B943-E59DA49BA153}.Release|x86.ActiveCfg = Release|Win32
		{DE5ABF59-8328-46C2-B943-E59DA49BA153}.Release|x86.Build.0 = Release|Win32
	EndGlobalSection
	GlobalSection(SolutionProperties) = preSolution
		HideSolutionNode = FALSE
	EndGlobalSection
	GlobalSection(ExtensibilityGlobals) = postSolution
		SolutionGuid = {10B8EBB0-EC20-43C9-8230-24E0D47ACBA2}
	EndGlobalSection
EndGlobal
