<?xml version="1.0" encoding="utf-8"?>
<Project ToolsVersion="4.0" xmlns="http://schemas.microsoft.com/developer/msbuild/2003">
  <ItemGroup>
    <ClCompile Include="DC_ChaoGardens.cpp">
      <Filter>Source Files</Filter>
    </ClCompile>
    <ClCompile Include="dllmain.cpp">
      <Filter>Source Files</Filter>
    </ClCompile>
    <ClCompile Include="stdafx.cpp">
      <Filter>Source Files</Filter>
    </ClCompile>
  </ItemGroup>
  <ItemGroup>
    <ClInclude Include="ChaoObjects.h">
      <Filter>Header Files</Filter>
    </ClInclude>
    <ClInclude Include="ChaoRace.h">
      <Filter>Header Files</Filter>
    </ClInclude>
    <ClInclude Include="ChaoRaceEntry.h">
      <Filter>Header Files</Filter>
    </ClInclude>
    <ClInclude Include="ChaoRaceFunc.h">
      <Filter>Header Files</Filter>
    </ClInclude>
    <ClInclude Include="ECGarden_DC.h">
      <Filter>Header Files</Filter>
    </ClInclude>
    <ClInclude Include="ECGarden_func.h">
      <Filter>Header Files</Filter>
    </ClInclude>
    <ClInclude Include="Fountain.h">
      <Filter>Header Files</Filter>
    </ClInclude>
    <ClInclude Include="MainFunctions.h">
      <Filter>Header Files</Filter>
    </ClInclude>
    <ClInclude Include="MRGarden.h">
      <Filter>Header Files</Filter>
    </ClInclude>
    <ClInclude Include="MRGarden_func.h">
      <Filter>Header Files</Filter>
    </ClInclude>
    <ClInclude Include="ninja.h">
      <Filter>Header Files</Filter>
    </ClInclude>
    <ClInclude Include="RaceEntry_DX.h">
      <Filter>Header Files</Filter>
    </ClInclude>
    <ClInclude Include="RaceEntry_func.h">
      <Filter>Header Files</Filter>
    </ClInclude>
    <ClInclude Include="SADXModLoader.h">
      <Filter>Header Files</Filter>
    </ClInclude>
    <ClInclude Include="SSGarden.h">
      <Filter>Header Files</Filter>
    </ClInclude>
    <ClInclude Include="SSGarden_func.h">
      <Filter>Header Files</Filter>
    </ClInclude>
    <ClInclude Include="stdafx.h">
      <Filter>Header Files</Filter>
    </ClInclude>
    <ClInclude Include="targetver.h">
      <Filter>Header Files</Filter>
    </ClInclude>
    <ClInclude Include="WIP.h">
      <Filter>Header Files</Filter>
    </ClInclude>
  </ItemGroup>
  <ItemGroup>
    <Filter Include="Header Files">
      <UniqueIdentifier>{009f3d31-9179-4d68-be4d-154c0c22faf6}</UniqueIdentifier>
    </Filter>
    <Filter Include="Source Files">
      <UniqueIdentifier>{b70d5130-ae5f-47ee-9ace-121d454a4bc6}</UniqueIdentifier>
    </Filter>
  </ItemGroup>
  <ItemGroup>
    <Text Include="ReadMe.txt" />
  </ItemGroup>
</Project>